PODS:
  - Nimble (8.0.1)
  - Quick (2.1.0)
  - SwiftLint (0.35.0)

DEPENDENCIES:
  - Nimble
  - Quick
  - SwiftLint

SPEC REPOS:
  https://github.com/cocoapods/specs.git:
    - Nimble
    - Quick
    - SwiftLint

SPEC CHECKSUMS:
  Nimble: 45f786ae66faa9a709624227fae502db55a8bdd0
  Quick: 4be43f6634acfa727dd106bdf3929ce125ffa79d
  SwiftLint: 5553187048b900c91aa03552807681bb6b027846

PODFILE CHECKSUM: 103cd0d4fa0e8218cfbb1c576321e2c791a35b4a

COCOAPODS: 1.7.5
