PODS:
  - CoreRoute (0.2.2)
  - Nimble (7.0.3)
  - Quick (1.2.0)

DEPENDENCIES:
  - CoreRoute (~> 0.2.2)
  - Nimble
  - Quick

SPEC CHECKSUMS:
  CoreRoute: 0f42ae8edb573187caf16560a88206f0d0305918
  Nimble: 7f5a9c447a33002645a071bddafbfb24ea70e0ac
  Quick: 58d203b1c5e27fff7229c4c1ae445ad7069a7a08

PODFILE CHECKSUM: a1f1ef77ccf78da8dbd602e2739bb37187cd469c

COCOAPODS: 1.4.0
