// !$*UTF8*$!
{
	archiveVersion = 1;
	classes = {
	};
	objectVersion = 51;
	objects = {

/* Begin PBXBuildFile section */
		383E8DE9233965FF00B12584 /* AppDelegate.swift in Sources */ = {isa = PBXBuildFile; fileRef = 383E8DE8233965FF00B12584 /* AppDelegate.swift */; };
		383E8DF02339660000B12584 /* Assets.xcassets in Resources */ = {isa = PBXBuildFile; fileRef = 383E8DEF2339660000B12584 /* Assets.xcassets */; };
		383E8DF32339660000B12584 /* LaunchScreen.storyboard in Resources */ = {isa = PBXBuildFile; fileRef = 383E8DF12339660000B12584 /* LaunchScreen.storyboard */; };
		383E8DFD233966C500B12584 /* ViewController.swift in Sources */ = {isa = PBXBuildFile; fileRef = 383E8DFC233966C500B12584 /* ViewController.swift */; };
		383E8DFF2339737500B12584 /* URLDestination.swift in Sources */ = {isa = PBXBuildFile; fileRef = 383E8DFE2339737500B12584 /* URLDestination.swift */; };
		F36E224A34563491FC8BC204 /* Pods_RoutingAppExample.framework in Frameworks */ = {isa = PBXBuildFile; fileRef = 7A8DEBA0F4E143E5735D0F91 /* Pods_RoutingAppExample.framework */; };
/* End PBXBuildFile section */

/* Begin PBXFileReference section */
		383E8DE5233965FF00B12584 /* RoutingAppExample.app */ = {isa = PBXFileReference; explicitFileType = wrapper.application; includeInIndex = 0; path = RoutingAppExample.app; sourceTree = BUILT_PRODUCTS_DIR; };
		383E8DE8233965FF00B12584 /* AppDelegate.swift */ = {isa = PBXFileReference; lastKnownFileType = sourcecode.swift; path = AppDelegate.swift; sourceTree = "<group>"; };
		383E8DEF2339660000B12584 /* Assets.xcassets */ = {isa = PBXFileReference; lastKnownFileType = folder.assetcatalog; path = Assets.xcassets; sourceTree = "<group>"; };
		383E8DF22339660000B12584 /* Base */ = {isa = PBXFileReference; lastKnownFileType = file.storyboard; name = Base; path = Base.lproj/LaunchScreen.storyboard; sourceTree = "<group>"; };
		383E8DF42339660000B12584 /* Info.plist */ = {isa = PBXFileReference; lastKnownFileType = text.plist.xml; path = Info.plist; sourceTree = "<group>"; };
		383E8DFC233966C500B12584 /* ViewController.swift */ = {isa = PBXFileReference; lastKnownFileType = sourcecode.swift; path = ViewController.swift; sourceTree = "<group>"; };
		383E8DFE2339737500B12584 /* URLDestination.swift */ = {isa = PBXFileReference; lastKnownFileType = sourcecode.swift; path = URLDestination.swift; sourceTree = "<group>"; };
		49A69D122503885E528B19AC /* Pods-RoutingAppExample.debug.xcconfig */ = {isa = PBXFileReference; includeInIndex = 1; lastKnownFileType = text.xcconfig; name = "Pods-RoutingAppExample.debug.xcconfig"; path = "Target Support Files/Pods-RoutingAppExample/Pods-RoutingAppExample.debug.xcconfig"; sourceTree = "<group>"; };
		6541CB53BF7C6D412D8DA491 /* Pods-RoutingAppExample.release.xcconfig */ = {isa = PBXFileReference; includeInIndex = 1; lastKnownFileType = text.xcconfig; name = "Pods-RoutingAppExample.release.xcconfig"; path = "Target Support Files/Pods-RoutingAppExample/Pods-RoutingAppExample.release.xcconfig"; sourceTree = "<group>"; };
		7A8DEBA0F4E143E5735D0F91 /* Pods_RoutingAppExample.framework */ = {isa = PBXFileReference; explicitFileType = wrapper.framework; includeInIndex = 0; path = Pods_RoutingAppExample.framework; sourceTree = BUILT_PRODUCTS_DIR; };
/* End PBXFileReference section */

/* Begin PBXFrameworksBuildPhase section */
		383E8DE2233965FF00B12584 /* Frameworks */ = {
			isa = PBXFrameworksBuildPhase;
			buildActionMask = 2147483647;
			files = (
				F36E224A34563491FC8BC204 /* Pods_RoutingAppExample.framework in Frameworks */,
			);
			runOnlyForDeploymentPostprocessing = 0;
		};
/* End PBXFrameworksBuildPhase section */

/* Begin PBXGroup section */
		16D1C4A6CE6CCA4FEB1E9FDD /* Pods */ = {
			isa = PBXGroup;
			children = (
				49A69D122503885E528B19AC /* Pods-RoutingAppExample.debug.xcconfig */,
				6541CB53BF7C6D412D8DA491 /* Pods-RoutingAppExample.release.xcconfig */,
			);
			path = Pods;
			sourceTree = "<group>";
		};
		383E8DDC233965FF00B12584 = {
			isa = PBXGroup;
			children = (
				383E8DE7233965FF00B12584 /* RoutingAppExample */,
				383E8DE6233965FF00B12584 /* Products */,
				16D1C4A6CE6CCA4FEB1E9FDD /* Pods */,
				78463BE2C1156B0326F6C8D0 /* Frameworks */,
			);
			sourceTree = "<group>";
		};
		383E8DE6233965FF00B12584 /* Products */ = {
			isa = PBXGroup;
			children = (
				383E8DE5233965FF00B12584 /* RoutingAppExample.app */,
			);
			name = Products;
			sourceTree = "<group>";
		};
		383E8DE7233965FF00B12584 /* RoutingAppExample */ = {
			isa = PBXGroup;
			children = (
				383E8DE8233965FF00B12584 /* AppDelegate.swift */,
				383E8DFC233966C500B12584 /* ViewController.swift */,
				383E8DFE2339737500B12584 /* URLDestination.swift */,
				383E8DEF2339660000B12584 /* Assets.xcassets */,
				383E8DF12339660000B12584 /* LaunchScreen.storyboard */,
				383E8DF42339660000B12584 /* Info.plist */,
			);
			path = RoutingAppExample;
			sourceTree = "<group>";
		};
		78463BE2C1156B0326F6C8D0 /* Frameworks */ = {
			isa = PBXGroup;
			children = (
				7A8DEBA0F4E143E5735D0F91 /* Pods_RoutingAppExample.framework */,
			);
			name = Frameworks;
			sourceTree = "<group>";
		};
/* End PBXGroup section */

/* Begin PBXNativeTarget section */
		383E8DE4233965FF00B12584 /* RoutingAppExample */ = {
			isa = PBXNativeTarget;
			buildConfigurationList = 383E8DF72339660000B12584 /* Build configuration list for PBXNativeTarget "RoutingAppExample" */;
			buildPhases = (
				5F7473FDD9262BE19D57F136 /* [CP] Check Pods Manifest.lock */,
				383E8DE1233965FF00B12584 /* Sources */,
				383E8DE2233965FF00B12584 /* Frameworks */,
				383E8DE3233965FF00B12584 /* Resources */,
				B1759AA1616FECFF3A6D9EEB /* [CP] Embed Pods Frameworks */,
			);
			buildRules = (
			);
			dependencies = (
			);
			name = RoutingAppExample;
			productName = RoutingAppExample;
			productReference = 383E8DE5233965FF00B12584 /* RoutingAppExample.app */;
			productType = "com.apple.product-type.application";
		};
/* End PBXNativeTarget section */

/* Begin PBXProject section */
		383E8DDD233965FF00B12584 /* Project object */ = {
			isa = PBXProject;
			attributes = {
				LastSwiftUpdateCheck = 1030;
				LastUpgradeCheck = 1030;
				ORGANIZATIONNAME = "Aron Balog";
				TargetAttributes = {
					383E8DE4233965FF00B12584 = {
						CreatedOnToolsVersion = 10.3;
					};
				};
			};
			buildConfigurationList = 383E8DE0233965FF00B12584 /* Build configuration list for PBXProject "RoutingAppExample" */;
			compatibilityVersion = "Xcode 9.3";
			developmentRegion = en;
			hasScannedForEncodings = 0;
			knownRegions = (
				en,
				Base,
			);
			mainGroup = 383E8DDC233965FF00B12584;
			productRefGroup = 383E8DE6233965FF00B12584 /* Products */;
			projectDirPath = "";
			projectRoot = "";
			targets = (
				383E8DE4233965FF00B12584 /* RoutingAppExample */,
			);
		};
/* End PBXProject section */

/* Begin PBXResourcesBuildPhase section */
		383E8DE3233965FF00B12584 /* Resources */ = {
			isa = PBXResourcesBuildPhase;
			buildActionMask = 2147483647;
			files = (
				383E8DF32339660000B12584 /* LaunchScreen.storyboard in Resources */,
				383E8DF02339660000B12584 /* Assets.xcassets in Resources */,
			);
			runOnlyForDeploymentPostprocessing = 0;
		};
/* End PBXResourcesBuildPhase section */

/* Begin PBXShellScriptBuildPhase section */
		5F7473FDD9262BE19D57F136 /* [CP] Check Pods Manifest.lock */ = {
			isa = PBXShellScriptBuildPhase;
			buildActionMask = 2147483647;
			files = (
			);
			inputFileListPaths = (
			);
			inputPaths = (
				"${PODS_PODFILE_DIR_PATH}/Podfile.lock",
				"${PODS_ROOT}/Manifest.lock",
			);
			name = "[CP] Check Pods Manifest.lock";
			outputFileListPaths = (
			);
			outputPaths = (
				"$(DERIVED_FILE_DIR)/Pods-RoutingAppExample-checkManifestLockResult.txt",
			);
			runOnlyForDeploymentPostprocessing = 0;
			shellPath = /bin/sh;
			shellScript = "diff \"${PODS_PODFILE_DIR_PATH}/Podfile.lock\" \"${PODS_ROOT}/Manifest.lock\" > /dev/null\nif [ $? != 0 ] ; then\n    # print error to STDERR\n    echo \"error: The sandbox is not in sync with the Podfile.lock. Run 'pod install' or update your CocoaPods installation.\" >&2\n    exit 1\nfi\n# This output is used by Xcode 'outputs' to avoid re-running this script phase.\necho \"SUCCESS\" > \"${SCRIPT_OUTPUT_FILE_0}\"\n";
			showEnvVarsInLog = 0;
		};
		B1759AA1616FECFF3A6D9EEB /* [CP] Embed Pods Frameworks */ = {
			isa = PBXShellScriptBuildPhase;
			buildActionMask = 2147483647;
			files = (
			);
			inputFileListPaths = (
				"${PODS_ROOT}/Target Support Files/Pods-RoutingAppExample/Pods-RoutingAppExample-frameworks-${CONFIGURATION}-input-files.xcfilelist",
			);
			name = "[CP] Embed Pods Frameworks";
			outputFileListPaths = (
				"${PODS_ROOT}/Target Support Files/Pods-RoutingAppExample/Pods-RoutingAppExample-frameworks-${CONFIGURATION}-output-files.xcfilelist",
			);
			runOnlyForDeploymentPostprocessing = 0;
			shellPath = /bin/sh;
			shellScript = "\"${PODS_ROOT}/Target Support Files/Pods-RoutingAppExample/Pods-RoutingAppExample-frameworks.sh\"\n";
			showEnvVarsInLog = 0;
		};
/* End PBXShellScriptBuildPhase section */

/* Begin PBXSourcesBuildPhase section */
		383E8DE1233965FF00B12584 /* Sources */ = {
			isa = PBXSourcesBuildPhase;
			buildActionMask = 2147483647;
			files = (
				383E8DFD233966C500B12584 /* ViewController.swift in Sources */,
				383E8DFF2339737500B12584 /* URLDestination.swift in Sources */,
				383E8DE9233965FF00B12584 /* AppDelegate.swift in Sources */,
			);
			runOnlyForDeploymentPostprocessing = 0;
		};
/* End PBXSourcesBuildPhase section */

/* Begin PBXVariantGroup section */
		383E8DF12339660000B12584 /* LaunchScreen.storyboard */ = {
			isa = PBXVariantGroup;
			children = (
				383E8DF22339660000B12584 /* Base */,
			);
			name = LaunchScreen.storyboard;
			sourceTree = "<group>";
		};
/* End PBXVariantGroup section */

/* Begin XCBuildConfiguration section */
		383E8DF52339660000B12584 /* Debug */ = {
			isa = XCBuildConfiguration;
			buildSettings = {
				ALWAYS_SEARCH_USER_PATHS = NO;
				CLANG_ANALYZER_NONNULL = YES;
				CLANG_ANALYZER_NUMBER_OBJECT_CONVERSION = YES_AGGRESSIVE;
				CLANG_CXX_LANGUAGE_STANDARD = "gnu++14";
				CLANG_CXX_LIBRARY = "libc++";
				CLANG_ENABLE_MODULES = YES;
				CLANG_ENABLE_OBJC_ARC = YES;
				CLANG_ENABLE_OBJC_WEAK = YES;
				CLANG_WARN_BLOCK_CAPTURE_AUTORELEASING = YES;
				CLANG_WARN_BOOL_CONVERSION = YES;
				CLANG_WARN_COMMA = YES;
				CLANG_WARN_CONSTANT_CONVERSION = YES;
				CLANG_WARN_DEPRECATED_OBJC_IMPLEMENTATIONS = YES;
				CLANG_WARN_DIRECT_OBJC_ISA_USAGE = YES_ERROR;
				CLANG_WARN_DOCUMENTATION_COMMENTS = YES;
				CLANG_WARN_EMPTY_BODY = YES;
				CLANG_WARN_ENUM_CONVERSION = YES;
				CLANG_WARN_INFINITE_RECURSION = YES;
				CLANG_WARN_INT_CONVERSION = YES;
				CLANG_WARN_NON_LITERAL_NULL_CONVERSION = YES;
				CLANG_WARN_OBJC_IMPLICIT_RETAIN_SELF = YES;
				CLANG_WARN_OBJC_LITERAL_CONVERSION = YES;
				CLANG_WARN_OBJC_ROOT_CLASS = YES_ERROR;
				CLANG_WARN_RANGE_LOOP_ANALYSIS = YES;
				CLANG_WARN_STRICT_PROTOTYPES = YES;
				CLANG_WARN_SUSPICIOUS_MOVE = YES;
				CLANG_WARN_UNGUARDED_AVAILABILITY = YES_AGGRESSIVE;
				CLANG_WARN_UNREACHABLE_CODE = YES;
				CLANG_WARN__DUPLICATE_METHOD_MATCH = YES;
				CODE_SIGN_IDENTITY = "iPhone Developer";
				COPY_PHASE_STRIP = NO;
				DEBUG_INFORMATION_FORMAT = dwarf;
				ENABLE_STRICT_OBJC_MSGSEND = YES;
				ENABLE_TESTABILITY = YES;
				GCC_C_LANGUAGE_STANDARD = gnu11;
				GCC_DYNAMIC_NO_PIC = NO;
				GCC_NO_COMMON_BLOCKS = YES;
				GCC_OPTIMIZATION_LEVEL = 0;
				GCC_PREPROCESSOR_DEFINITIONS = (
					"DEBUG=1",
					"$(inherited)",
				);
				GCC_WARN_64_TO_32_BIT_CONVERSION = YES;
				GCC_WARN_ABOUT_RETURN_TYPE = YES_ERROR;
				GCC_WARN_UNDECLARED_SELECTOR = YES;
				GCC_WARN_UNINITIALIZED_AUTOS = YES_AGGRESSIVE;
				GCC_WARN_UNUSED_FUNCTION = YES;
				GCC_WARN_UNUSED_VARIABLE = YES;
				IPHONEOS_DEPLOYMENT_TARGET = 12.4;
				MTL_ENABLE_DEBUG_INFO = INCLUDE_SOURCE;
				MTL_FAST_MATH = YES;
				ONLY_ACTIVE_ARCH = YES;
				SDKROOT = iphoneos;
				SWIFT_ACTIVE_COMPILATION_CONDITIONS = DEBUG;
				SWIFT_OPTIMIZATION_LEVEL = "-Onone";
			};
			name = Debug;
		};
		383E8DF62339660000B12584 /* Release */ = {
			isa = XCBuildConfiguration;
			buildSettings = {
				ALWAYS_SEARCH_USER_PATHS = NO;
				CLANG_ANALYZER_NONNULL = YES;
				CLANG_ANALYZER_NUMBER_OBJECT_CONVERSION = YES_AGGRESSIVE;
				CLANG_CXX_LANGUAGE_STANDARD = "gnu++14";
				CLANG_CXX_LIBRARY = "libc++";
				CLANG_ENABLE_MODULES = YES;
				CLANG_ENABLE_OBJC_ARC = YES;
				CLANG_ENABLE_OBJC_WEAK = YES;
				CLANG_WARN_BLOCK_CAPTURE_AUTORELEASING = YES;
				CLANG_WARN_BOOL_CONVERSION = YES;
				CLANG_WARN_COMMA = YES;
				CLANG_WARN_CONSTANT_CONVERSION = YES;
				CLANG_WARN_DEPRECATED_OBJC_IMPLEMENTATIONS = YES;
				CLANG_WARN_DIRECT_OBJC_ISA_USAGE = YES_ERROR;
				CLANG_WARN_DOCUMENTATION_COMMENTS = YES;
				CLANG_WARN_EMPTY_BODY = YES;
				CLANG_WARN_ENUM_CONVERSION = YES;
				CLANG_WARN_INFINITE_RECURSION = YES;
				CLANG_WARN_INT_CONVERSION = YES;
				CLANG_WARN_NON_LITERAL_NULL_CONVERSION = YES;
				CLANG_WARN_OBJC_IMPLICIT_RETAIN_SELF = YES;
				CLANG_WARN_OBJC_LITERAL_CONVERSION = YES;
				CLANG_WARN_OBJC_ROOT_CLASS = YES_ERROR;
				CLANG_WARN_RANGE_LOOP_ANALYSIS = YES;
				CLANG_WARN_STRICT_PROTOTYPES = YES;
				CLANG_WARN_SUSPICIOUS_MOVE = YES;
				CLANG_WARN_UNGUARDED_AVAILABILITY = YES_AGGRESSIVE;
				CLANG_WARN_UNREACHABLE_CODE = YES;
				CLANG_WARN__DUPLICATE_METHOD_MATCH = YES;
				CODE_SIGN_IDENTITY = "iPhone Developer";
				COPY_PHASE_STRIP = NO;
				DEBUG_INFORMATION_FORMAT = "dwarf-with-dsym";
				ENABLE_NS_ASSERTIONS = NO;
				ENABLE_STRICT_OBJC_MSGSEND = YES;
				GCC_C_LANGUAGE_STANDARD = gnu11;
				GCC_NO_COMMON_BLOCKS = YES;
				GCC_WARN_64_TO_32_BIT_CONVERSION = YES;
				GCC_WARN_ABOUT_RETURN_TYPE = YES_ERROR;
				GCC_WARN_UNDECLARED_SELECTOR = YES;
				GCC_WARN_UNINITIALIZED_AUTOS = YES_AGGRESSIVE;
				GCC_WARN_UNUSED_FUNCTION = YES;
				GCC_WARN_UNUSED_VARIABLE = YES;
				IPHONEOS_DEPLOYMENT_TARGET = 12.4;
				MTL_ENABLE_DEBUG_INFO = NO;
				MTL_FAST_MATH = YES;
				SDKROOT = iphoneos;
				SWIFT_COMPILATION_MODE = wholemodule;
				SWIFT_OPTIMIZATION_LEVEL = "-O";
				VALIDATE_PRODUCT = YES;
			};
			name = Release;
		};
		383E8DF82339660000B12584 /* Debug */ = {
			isa = XCBuildConfiguration;
			baseConfigurationReference = 49A69D122503885E528B19AC /* Pods-RoutingAppExample.debug.xcconfig */;
			buildSettings = {
				ASSETCATALOG_COMPILER_APPICON_NAME = AppIcon;
				CODE_SIGN_STYLE = Automatic;
				INFOPLIST_FILE = RoutingAppExample/Info.plist;
				LD_RUNPATH_SEARCH_PATHS = (
					"$(inherited)",
					"@executable_path/Frameworks",
				);
				PRODUCT_BUNDLE_IDENTIFIER = org.corenavigation.example.RoutingAppExample;
				PRODUCT_NAME = "$(TARGET_NAME)";
				SWIFT_VERSION = 5.0;
				TARGETED_DEVICE_FAMILY = "1,2";
			};
			name = Debug;
		};
		383E8DF92339660000B12584 /* Release */ = {
			isa = XCBuildConfiguration;
			baseConfigurationReference = 6541CB53BF7C6D412D8DA491 /* Pods-RoutingAppExample.release.xcconfig */;
			buildSettings = {
				ASSETCATALOG_COMPILER_APPICON_NAME = AppIcon;
				CODE_SIGN_STYLE = Automatic;
				INFOPLIST_FILE = RoutingAppExample/Info.plist;
				LD_RUNPATH_SEARCH_PATHS = (
					"$(inherited)",
					"@executable_path/Frameworks",
				);
				PRODUCT_BUNDLE_IDENTIFIER = org.corenavigation.example.RoutingAppExample;
				PRODUCT_NAME = "$(TARGET_NAME)";
				SWIFT_VERSION = 5.0;
				TARGETED_DEVICE_FAMILY = "1,2";
			};
			name = Release;
		};
/* End XCBuildConfiguration section */

/* Begin XCConfigurationList section */
		383E8DE0233965FF00B12584 /* Build configuration list for PBXProject "RoutingAppExample" */ = {
			isa = XCConfigurationList;
			buildConfigurations = (
				383E8DF52339660000B12584 /* Debug */,
				383E8DF62339660000B12584 /* Release */,
			);
			defaultConfigurationIsVisible = 0;
			defaultConfigurationName = Release;
		};
		383E8DF72339660000B12584 /* Build configuration list for PBXNativeTarget "RoutingAppExample" */ = {
			isa = XCConfigurationList;
			buildConfigurations = (
				383E8DF82339660000B12584 /* Debug */,
				383E8DF92339660000B12584 /* Release */,
			);
			defaultConfigurationIsVisible = 0;
			defaultConfigurationName = Release;
		};
/* End XCConfigurationList section */
	};
	rootObject = 383E8DDD233965FF00B12584 /* Project object */;
}
