// !$*UTF8*$!
{
	archiveVersion = 1;
	classes = {
	};
	objectVersion = 48;
	objects = {

/* Begin PBXBuildFile section */
		380411152055D1CF000C6A25 /* Navigator_NavigationOperation.swift in Sources */ = {isa = PBXBuildFile; fileRef = 380411142055D1CF000C6A25 /* Navigator_NavigationOperation.swift */; };
		381D7444205588F200F1C154 /* Transitionable.swift in Sources */ = {isa = PBXBuildFile; fileRef = 381D7443205588F200F1C154 /* Transitionable.swift */; };
		381D744720558FF700F1C154 /* UINavigationController.swift in Sources */ = {isa = PBXBuildFile; fileRef = 381D744620558FF700F1C154 /* UINavigationController.swift */; };
		381D744B205591D900F1C154 /* Utils.swift in Sources */ = {isa = PBXBuildFile; fileRef = 381D744A205591D900F1C154 /* Utils.swift */; };
		381D744F2055989600F1C154 /* History.swift in Sources */ = {isa = PBXBuildFile; fileRef = 381D744E2055989600F1C154 /* History.swift */; };
		381D745220559A7300F1C154 /* History_Item.swift in Sources */ = {isa = PBXBuildFile; fileRef = 381D745120559A7300F1C154 /* History_Item.swift */; };
		381D745420559A9500F1C154 /* HistoryItem.swift in Sources */ = {isa = PBXBuildFile; fileRef = 381D745320559A9500F1C154 /* HistoryItem.swift */; };
		381D74562055A28A00F1C154 /* HistoryDirection.swift in Sources */ = {isa = PBXBuildFile; fileRef = 381D74552055A28A00F1C154 /* HistoryDirection.swift */; };
		38222B482066F11D00435008 /* DataReceivingViewController.swift in Sources */ = {isa = PBXBuildFile; fileRef = 38222B472066F11C00435008 /* DataReceivingViewController.swift */; };
		38222B4A2066F47300435008 /* DataReceiving.swift in Sources */ = {isa = PBXBuildFile; fileRef = 38222B492066F47300435008 /* DataReceiving.swift */; };
		3822436A2054B91A00426342 /* NavigationType.swift in Sources */ = {isa = PBXBuildFile; fileRef = 382243692054B91A00426342 /* NavigationType.swift */; };
		3822436D2054BF6100426342 /* Navigator_Push.swift in Sources */ = {isa = PBXBuildFile; fileRef = 3822436C2054BF6100426342 /* Navigator_Push.swift */; };
		3822436F2054BF8C00426342 /* Navigator_Present.swift in Sources */ = {isa = PBXBuildFile; fileRef = 3822436E2054BF8C00426342 /* Navigator_Present.swift */; };
		383320CF205DE9E1008492EE /* AnyRoute.swift in Sources */ = {isa = PBXBuildFile; fileRef = 383320CE205DE9E1008492EE /* AnyRoute.swift */; };
		383320D1205DE9FE008492EE /* RoutePatternsAware.swift in Sources */ = {isa = PBXBuildFile; fileRef = 383320D0205DE9FE008492EE /* RoutePatternsAware.swift */; };
		383320D3205DEA24008492EE /* RouteHandler.swift in Sources */ = {isa = PBXBuildFile; fileRef = 383320D2205DEA24008492EE /* RouteHandler.swift */; };
		38444A98205EF760001F3F5C /* StateRestorable.swift in Sources */ = {isa = PBXBuildFile; fileRef = 38444A97205EF760001F3F5C /* StateRestorable.swift */; };
		38444A9A205EF768001F3F5C /* StateRestorationAware.swift in Sources */ = {isa = PBXBuildFile; fileRef = 38444A99205EF768001F3F5C /* StateRestorationAware.swift */; };
		38444A9C205EF894001F3F5C /* StateRestorationOption.swift in Sources */ = {isa = PBXBuildFile; fileRef = 38444A9B205EF894001F3F5C /* StateRestorationOption.swift */; };
		38444A9F205EFBA5001F3F5C /* StateRestoration.swift in Sources */ = {isa = PBXBuildFile; fileRef = 38444A9E205EFBA5001F3F5C /* StateRestoration.swift */; };
		38444AA1205EFBE1001F3F5C /* StateRestorationDelegate.swift in Sources */ = {isa = PBXBuildFile; fileRef = 38444AA0205EFBE1001F3F5C /* StateRestorationDelegate.swift */; };
		38444AA3205EFBFD001F3F5C /* StateRestorationContext.swift in Sources */ = {isa = PBXBuildFile; fileRef = 38444AA2205EFBFD001F3F5C /* StateRestorationContext.swift */; };
		38444AB3205F570F001F3F5C /* UIViewController+Convenience.swift in Sources */ = {isa = PBXBuildFile; fileRef = 38444AB2205F570F001F3F5C /* UIViewController+Convenience.swift */; };
		384CF988204DBB5400330EC7 /* Destination.swift in Sources */ = {isa = PBXBuildFile; fileRef = 384CF987204DBB5400330EC7 /* Destination.swift */; };
		384CF98C204DBB8E00330EC7 /* Result.swift in Sources */ = {isa = PBXBuildFile; fileRef = 384CF98B204DBB8E00330EC7 /* Result.swift */; };
		384CF98F204DBBD100330EC7 /* DestinationAware.swift in Sources */ = {isa = PBXBuildFile; fileRef = 384CF98E204DBBD100330EC7 /* DestinationAware.swift */; };
		384CF991204DBBE200330EC7 /* Resultable.swift in Sources */ = {isa = PBXBuildFile; fileRef = 384CF990204DBBE200330EC7 /* Resultable.swift */; };
		384CF99B204DC23500330EC7 /* AppDelegate.swift in Sources */ = {isa = PBXBuildFile; fileRef = 384CF99A204DC23500330EC7 /* AppDelegate.swift */; };
		384CF9A2204DC23500330EC7 /* Assets.xcassets in Resources */ = {isa = PBXBuildFile; fileRef = 384CF9A1204DC23500330EC7 /* Assets.xcassets */; };
		384CF9A5204DC23500330EC7 /* LaunchScreen.storyboard in Resources */ = {isa = PBXBuildFile; fileRef = 384CF9A3204DC23500330EC7 /* LaunchScreen.storyboard */; };
		384CF9AE204DC35E00330EC7 /* UIViewController.swift in Sources */ = {isa = PBXBuildFile; fileRef = 384CF9AD204DC35E00330EC7 /* UIViewController.swift */; };
		384CF9B0204DC38000330EC7 /* Navigator.swift in Sources */ = {isa = PBXBuildFile; fileRef = 384CF9AF204DC38000330EC7 /* Navigator.swift */; };
		384CF9B2204DC54400330EC7 /* Configuration.swift in Sources */ = {isa = PBXBuildFile; fileRef = 384CF9B1204DC54400330EC7 /* Configuration.swift */; };
		38577C92205C863D00FB4B83 /* ProtectionSpace.swift in Sources */ = {isa = PBXBuildFile; fileRef = 38577C91205C863D00FB4B83 /* ProtectionSpace.swift */; };
		38577C94205C872800FB4B83 /* Protectable.swift in Sources */ = {isa = PBXBuildFile; fileRef = 38577C93205C872800FB4B83 /* Protectable.swift */; };
		38577C96205C876A00FB4B83 /* ProtectionAware.swift in Sources */ = {isa = PBXBuildFile; fileRef = 38577C95205C876A00FB4B83 /* ProtectionAware.swift */; };
		38577C98205C88A900FB4B83 /* Configuration+DataReceivable.swift in Sources */ = {isa = PBXBuildFile; fileRef = 38577C97205C88A900FB4B83 /* Configuration+DataReceivable.swift */; };
		38577C9E205CB88C00FB4B83 /* UnsafeNavigation.swift in Sources */ = {isa = PBXBuildFile; fileRef = 38577C9D205CB88C00FB4B83 /* UnsafeNavigation.swift */; };
		38577CA0205CBB1300FB4B83 /* UnsafeNavigationAware.swift in Sources */ = {isa = PBXBuildFile; fileRef = 38577C9F205CBB1300FB4B83 /* UnsafeNavigationAware.swift */; };
		38577CA3205CBB4700FB4B83 /* ProtectionHandler.swift in Sources */ = {isa = PBXBuildFile; fileRef = 38577CA2205CBB4700FB4B83 /* ProtectionHandler.swift */; };
		386DAB7C2066C6AB002FF908 /* UINavigationController+Convenience.swift in Sources */ = {isa = PBXBuildFile; fileRef = 386DAB7B2066C6AB002FF908 /* UINavigationController+Convenience.swift */; };
		386DAB7E2066E033002FF908 /* String+Convenience.swift in Sources */ = {isa = PBXBuildFile; fileRef = 386DAB7D2066E033002FF908 /* String+Convenience.swift */; };
		386DAB802066E04F002FF908 /* URL+Convenience.swift in Sources */ = {isa = PBXBuildFile; fileRef = 386DAB7F2066E04F002FF908 /* URL+Convenience.swift */; };
		386DAB812066E775002FF908 /* RouteParametersAware.swift in Sources */ = {isa = PBXBuildFile; fileRef = 38342D8D205E1D890085DFF4 /* RouteParametersAware.swift */; };
		387B7898205DF68E0078974C /* Matchable.swift in Sources */ = {isa = PBXBuildFile; fileRef = 387B7897205DF68E0078974C /* Matchable.swift */; };
		387B789A205DFF4E0078974C /* RegularExpression.swift in Sources */ = {isa = PBXBuildFile; fileRef = 387B7899205DFF4E0078974C /* RegularExpression.swift */; };
		387B789C205E0CC60078974C /* RouteMatch.swift in Sources */ = {isa = PBXBuildFile; fileRef = 387B789B205E0CC60078974C /* RouteMatch.swift */; };
		3881751F205602950054CFBB /* Embeddable.swift in Sources */ = {isa = PBXBuildFile; fileRef = 3881751E205602950054CFBB /* Embeddable.swift */; };
		3881752120560F090054CFBB /* EmbeddingType.swift in Sources */ = {isa = PBXBuildFile; fileRef = 3881752020560F090054CFBB /* EmbeddingType.swift */; };
		3881752320560F2C0054CFBB /* EmbeddingProtocol.swift in Sources */ = {isa = PBXBuildFile; fileRef = 3881752220560F2C0054CFBB /* EmbeddingProtocol.swift */; };
		3881752520560F390054CFBB /* EmbeddingAware.swift in Sources */ = {isa = PBXBuildFile; fileRef = 3881752420560F390054CFBB /* EmbeddingAware.swift */; };
		3881752720560FB80054CFBB /* TransitioningAware.swift in Sources */ = {isa = PBXBuildFile; fileRef = 3881752620560FB80054CFBB /* TransitioningAware.swift */; };
		38817577205710530054CFBB /* DataPassingAware.swift in Sources */ = {isa = PBXBuildFile; fileRef = 38817576205710530054CFBB /* DataPassingAware.swift */; };
		3881757D20573CCC0054CFBB /* Route.swift in Sources */ = {isa = PBXBuildFile; fileRef = 3881757C20573CCC0054CFBB /* Route.swift */; };
		38836B5020644B50007963A0 /* PresentSpec.swift in Sources */ = {isa = PBXBuildFile; fileRef = 384CF992204DBE7500330EC7 /* PresentSpec.swift */; };
		38836B5220645347007963A0 /* ViewControllerEventSpec.swift in Sources */ = {isa = PBXBuildFile; fileRef = 38836B5120645347007963A0 /* ViewControllerEventSpec.swift */; };
		38836B542064556D007963A0 /* Navigator+ViewControllerEvents.swift in Sources */ = {isa = PBXBuildFile; fileRef = 38836B532064556D007963A0 /* Navigator+ViewControllerEvents.swift */; };
		38836B5620645583007963A0 /* Navigator+StateRestoration.swift in Sources */ = {isa = PBXBuildFile; fileRef = 38836B5520645583007963A0 /* Navigator+StateRestoration.swift */; };
		38836B58206455AB007963A0 /* Navigator+Cache.swift in Sources */ = {isa = PBXBuildFile; fileRef = 38836B57206455AB007963A0 /* Navigator+Cache.swift */; };
		38836B5D206460B3007963A0 /* StateRestorationSpec.swift in Sources */ = {isa = PBXBuildFile; fileRef = 38836B5C206460B3007963A0 /* StateRestorationSpec.swift */; };
		388A2F172065AC57009BC5AC /* Originable.swift in Sources */ = {isa = PBXBuildFile; fileRef = 388A2F162065AC57009BC5AC /* Originable.swift */; };
		388A2F192065AC66009BC5AC /* OriginAware.swift in Sources */ = {isa = PBXBuildFile; fileRef = 388A2F182065AC66009BC5AC /* OriginAware.swift */; };
		388C73172059C7A400C11EEB /* DataPassable.swift in Sources */ = {isa = PBXBuildFile; fileRef = 38817529205612140054CFBB /* DataPassable.swift */; };
		388C731A2059DED500C11EEB /* Eventable.swift in Sources */ = {isa = PBXBuildFile; fileRef = 388C73192059DED500C11EEB /* Eventable.swift */; };
		388C731C2059E1A400C11EEB /* EventAware.swift in Sources */ = {isa = PBXBuildFile; fileRef = 388C731B2059E1A400C11EEB /* EventAware.swift */; };
		3895D2DD2064453F00A7ECD6 /* ApplicationAware.swift in Sources */ = {isa = PBXBuildFile; fileRef = 3895D2DC2064453F00A7ECD6 /* ApplicationAware.swift */; };
		3895D2DF2064455B00A7ECD6 /* Application.swift in Sources */ = {isa = PBXBuildFile; fileRef = 3895D2DE2064455B00A7ECD6 /* Application.swift */; };
		3895D2E12064478000A7ECD6 /* UIApplicationProtocol.swift in Sources */ = {isa = PBXBuildFile; fileRef = 3895D2E02064478000A7ECD6 /* UIApplicationProtocol.swift */; };
		38A7AFEF2063264B00C36040 /* Route+Convenience.swift in Sources */ = {isa = PBXBuildFile; fileRef = 38A7AFEE2063264B00C36040 /* Route+Convenience.swift */; };
		38A7AFF3206330B600C36040 /* Matchable+Convenience.swift in Sources */ = {isa = PBXBuildFile; fileRef = 38A7AFF2206330B600C36040 /* Matchable+Convenience.swift */; };
		38AC50A520646B7A00E93DFF /* CachingSpec.swift in Sources */ = {isa = PBXBuildFile; fileRef = 38AC50A420646B7A00E93DFF /* CachingSpec.swift */; };
		38AC50A82064757100E93DFF /* RoutingSpec.swift in Sources */ = {isa = PBXBuildFile; fileRef = 38AC50A72064757100E93DFF /* RoutingSpec.swift */; };
		38AC50AB206481FA00E93DFF /* ProtectionSpec.swift in Sources */ = {isa = PBXBuildFile; fileRef = 38AC50AA206481FA00E93DFF /* ProtectionSpec.swift */; };
		38AC50AC2064847700E93DFF /* PushSpec.swift in Sources */ = {isa = PBXBuildFile; fileRef = 381D74482055903F00F1C154 /* PushSpec.swift */; };
		38D5B387204A354A005A15BC /* CoreNavigation.framework in Frameworks */ = {isa = PBXBuildFile; fileRef = 38D5B37D204A354A005A15BC /* CoreNavigation.framework */; };
		38D5B38E204A354B005A15BC /* CoreNavigation.h in Headers */ = {isa = PBXBuildFile; fileRef = 38D5B380204A354A005A15BC /* CoreNavigation.h */; settings = {ATTRIBUTES = (Public, ); }; };
		38D5B399204A3567005A15BC /* Global.swift in Sources */ = {isa = PBXBuildFile; fileRef = 38D5B398204A3567005A15BC /* Global.swift */; };
		38D5B39C204A35A0005A15BC /* Navigation.swift in Sources */ = {isa = PBXBuildFile; fileRef = 38D5B39B204A35A0005A15BC /* Navigation.swift */; };
		38D5B3A1204A36BD005A15BC /* To.swift in Sources */ = {isa = PBXBuildFile; fileRef = 38D5B3A0204A36BD005A15BC /* To.swift */; };
		38E24F74205D609C0062AE85 /* Router.swift in Sources */ = {isa = PBXBuildFile; fileRef = 38E24F73205D609C0062AE85 /* Router.swift */; };
		38E24F76205D9BC30062AE85 /* ViewController.swift in Sources */ = {isa = PBXBuildFile; fileRef = 384CF99C204DC23500330EC7 /* ViewController.swift */; };
		38F1D897205B04FB001F0B0B /* Swizzler.swift in Sources */ = {isa = PBXBuildFile; fileRef = 38F1D896205B04FB001F0B0B /* Swizzler.swift */; };
		38F1D899205B054E001F0B0B /* UIApplication.swift in Sources */ = {isa = PBXBuildFile; fileRef = 38F1D898205B054E001F0B0B /* UIApplication.swift */; };
		38F1D89B205B0574001F0B0B /* UIViewController+Events.swift in Sources */ = {isa = PBXBuildFile; fileRef = 38F1D89A205B0574001F0B0B /* UIViewController+Events.swift */; };
		38F1D89D205B059E001F0B0B /* ObjectAssociation.swift in Sources */ = {isa = PBXBuildFile; fileRef = 38F1D89C205B059E001F0B0B /* ObjectAssociation.swift */; };
		38F1D89F205B05CF001F0B0B /* ViewControllerObserver.swift in Sources */ = {isa = PBXBuildFile; fileRef = 38F1D89E205B05CF001F0B0B /* ViewControllerObserver.swift */; };
		38F1D8A1205B0F32001F0B0B /* ViewControllerEvent.swift in Sources */ = {isa = PBXBuildFile; fileRef = 38F1D8A0205B0F32001F0B0B /* ViewControllerEvent.swift */; };
		38F1D8A4205B2F83001F0B0B /* Lifetime.swift in Sources */ = {isa = PBXBuildFile; fileRef = 38F1D8A3205B2F83001F0B0B /* Lifetime.swift */; };
		38F1D8A6205B2F9F001F0B0B /* Cacheable.swift in Sources */ = {isa = PBXBuildFile; fileRef = 38F1D8A5205B2F9F001F0B0B /* Cacheable.swift */; };
		38F1D8A8205B3026001F0B0B /* CachingAware.swift in Sources */ = {isa = PBXBuildFile; fileRef = 38F1D8A7205B3026001F0B0B /* CachingAware.swift */; };
		38F1D8AA205B31A8001F0B0B /* Cache.swift in Sources */ = {isa = PBXBuildFile; fileRef = 38F1D8A9205B31A7001F0B0B /* Cache.swift */; };
		4CDC5B0E03F469257562D5E9 /* Pods_CoreNavigationTests.framework in Frameworks */ = {isa = PBXBuildFile; fileRef = 978DC88BCF3C32C02F68261A /* Pods_CoreNavigationTests.framework */; };
		5045FEA6C45FFD8E3FAF9F02 /* Pods_CoreNavigation.framework in Frameworks */ = {isa = PBXBuildFile; fileRef = 7C24A04FA7E3D35F3012C525 /* Pods_CoreNavigation.framework */; };
		96D5A5AA4175CA45D8D01D18 /* Pods_CoreNavigation_CoreNavigationHostApp.framework in Frameworks */ = {isa = PBXBuildFile; fileRef = 02B5277C7E34DAD0343F1EBF /* Pods_CoreNavigation_CoreNavigationHostApp.framework */; };
/* End PBXBuildFile section */

/* Begin PBXContainerItemProxy section */
		384CF9AA204DC23A00330EC7 /* PBXContainerItemProxy */ = {
			isa = PBXContainerItemProxy;
			containerPortal = 38D5B374204A354A005A15BC /* Project object */;
			proxyType = 1;
			remoteGlobalIDString = 384CF997204DC23500330EC7;
			remoteInfo = CoreNavigationHostApp;
		};
		38D5B388204A354A005A15BC /* PBXContainerItemProxy */ = {
			isa = PBXContainerItemProxy;
			containerPortal = 38D5B374204A354A005A15BC /* Project object */;
			proxyType = 1;
			remoteGlobalIDString = 38D5B37C204A354A005A15BC;
			remoteInfo = CoreNavigation;
		};
/* End PBXContainerItemProxy section */

/* Begin PBXFileReference section */
		02B5277C7E34DAD0343F1EBF /* Pods_CoreNavigation_CoreNavigationHostApp.framework */ = {isa = PBXFileReference; explicitFileType = wrapper.framework; includeInIndex = 0; path = Pods_CoreNavigation_CoreNavigationHostApp.framework; sourceTree = BUILT_PRODUCTS_DIR; };
		0DA6D89B78D6CF53665B7724 /* Pods-CoreNavigation-CoreNavigationHostApp.release.xcconfig */ = {isa = PBXFileReference; includeInIndex = 1; lastKnownFileType = text.xcconfig; name = "Pods-CoreNavigation-CoreNavigationHostApp.release.xcconfig"; path = "Pods/Target Support Files/Pods-CoreNavigation-CoreNavigationHostApp/Pods-CoreNavigation-CoreNavigationHostApp.release.xcconfig"; sourceTree = "<group>"; };
		380411142055D1CF000C6A25 /* Navigator_NavigationOperation.swift */ = {isa = PBXFileReference; lastKnownFileType = sourcecode.swift; path = Navigator_NavigationOperation.swift; sourceTree = "<group>"; };
		381D7443205588F200F1C154 /* Transitionable.swift */ = {isa = PBXFileReference; lastKnownFileType = sourcecode.swift; path = Transitionable.swift; sourceTree = "<group>"; };
		381D744620558FF700F1C154 /* UINavigationController.swift */ = {isa = PBXFileReference; lastKnownFileType = sourcecode.swift; path = UINavigationController.swift; sourceTree = "<group>"; };
		381D74482055903F00F1C154 /* PushSpec.swift */ = {isa = PBXFileReference; lastKnownFileType = sourcecode.swift; path = PushSpec.swift; sourceTree = "<group>"; };
		381D744A205591D900F1C154 /* Utils.swift */ = {isa = PBXFileReference; lastKnownFileType = sourcecode.swift; path = Utils.swift; sourceTree = "<group>"; };
		381D744E2055989600F1C154 /* History.swift */ = {isa = PBXFileReference; lastKnownFileType = sourcecode.swift; path = History.swift; sourceTree = "<group>"; };
		381D745120559A7300F1C154 /* History_Item.swift */ = {isa = PBXFileReference; lastKnownFileType = sourcecode.swift; path = History_Item.swift; sourceTree = "<group>"; };
		381D745320559A9500F1C154 /* HistoryItem.swift */ = {isa = PBXFileReference; lastKnownFileType = sourcecode.swift; path = HistoryItem.swift; sourceTree = "<group>"; };
		381D74552055A28A00F1C154 /* HistoryDirection.swift */ = {isa = PBXFileReference; lastKnownFileType = sourcecode.swift; path = HistoryDirection.swift; sourceTree = "<group>"; };
		38222B472066F11C00435008 /* DataReceivingViewController.swift */ = {isa = PBXFileReference; fileEncoding = 4; lastKnownFileType = sourcecode.swift; path = DataReceivingViewController.swift; sourceTree = "<group>"; };
		38222B492066F47300435008 /* DataReceiving.swift */ = {isa = PBXFileReference; lastKnownFileType = sourcecode.swift; path = DataReceiving.swift; sourceTree = "<group>"; };
		382243692054B91A00426342 /* NavigationType.swift */ = {isa = PBXFileReference; lastKnownFileType = sourcecode.swift; path = NavigationType.swift; sourceTree = "<group>"; };
		3822436C2054BF6100426342 /* Navigator_Push.swift */ = {isa = PBXFileReference; lastKnownFileType = sourcecode.swift; path = Navigator_Push.swift; sourceTree = "<group>"; };
		3822436E2054BF8C00426342 /* Navigator_Present.swift */ = {isa = PBXFileReference; lastKnownFileType = sourcecode.swift; path = Navigator_Present.swift; sourceTree = "<group>"; };
		383320CE205DE9E1008492EE /* AnyRoute.swift */ = {isa = PBXFileReference; lastKnownFileType = sourcecode.swift; path = AnyRoute.swift; sourceTree = "<group>"; };
		383320D0205DE9FE008492EE /* RoutePatternsAware.swift */ = {isa = PBXFileReference; lastKnownFileType = sourcecode.swift; path = RoutePatternsAware.swift; sourceTree = "<group>"; };
		383320D2205DEA24008492EE /* RouteHandler.swift */ = {isa = PBXFileReference; lastKnownFileType = sourcecode.swift; path = RouteHandler.swift; sourceTree = "<group>"; };
		38342D8D205E1D890085DFF4 /* RouteParametersAware.swift */ = {isa = PBXFileReference; lastKnownFileType = sourcecode.swift; path = RouteParametersAware.swift; sourceTree = "<group>"; };
		38444A97205EF760001F3F5C /* StateRestorable.swift */ = {isa = PBXFileReference; lastKnownFileType = sourcecode.swift; path = StateRestorable.swift; sourceTree = "<group>"; };
		38444A99205EF768001F3F5C /* StateRestorationAware.swift */ = {isa = PBXFileReference; lastKnownFileType = sourcecode.swift; path = StateRestorationAware.swift; sourceTree = "<group>"; };
		38444A9B205EF894001F3F5C /* StateRestorationOption.swift */ = {isa = PBXFileReference; lastKnownFileType = sourcecode.swift; path = StateRestorationOption.swift; sourceTree = "<group>"; };
		38444A9E205EFBA5001F3F5C /* StateRestoration.swift */ = {isa = PBXFileReference; lastKnownFileType = sourcecode.swift; path = StateRestoration.swift; sourceTree = "<group>"; };
		38444AA0205EFBE1001F3F5C /* StateRestorationDelegate.swift */ = {isa = PBXFileReference; lastKnownFileType = sourcecode.swift; path = StateRestorationDelegate.swift; sourceTree = "<group>"; };
		38444AA2205EFBFD001F3F5C /* StateRestorationContext.swift */ = {isa = PBXFileReference; lastKnownFileType = sourcecode.swift; path = StateRestorationContext.swift; sourceTree = "<group>"; };
		38444AB2205F570F001F3F5C /* UIViewController+Convenience.swift */ = {isa = PBXFileReference; lastKnownFileType = sourcecode.swift; path = "UIViewController+Convenience.swift"; sourceTree = "<group>"; };
		384CF987204DBB5400330EC7 /* Destination.swift */ = {isa = PBXFileReference; lastKnownFileType = sourcecode.swift; path = Destination.swift; sourceTree = "<group>"; };
		384CF98B204DBB8E00330EC7 /* Result.swift */ = {isa = PBXFileReference; lastKnownFileType = sourcecode.swift; path = Result.swift; sourceTree = "<group>"; };
		384CF98E204DBBD100330EC7 /* DestinationAware.swift */ = {isa = PBXFileReference; lastKnownFileType = sourcecode.swift; path = DestinationAware.swift; sourceTree = "<group>"; };
		384CF990204DBBE200330EC7 /* Resultable.swift */ = {isa = PBXFileReference; lastKnownFileType = sourcecode.swift; path = Resultable.swift; sourceTree = "<group>"; };
		384CF992204DBE7500330EC7 /* PresentSpec.swift */ = {isa = PBXFileReference; lastKnownFileType = sourcecode.swift; path = PresentSpec.swift; sourceTree = "<group>"; };
		384CF998204DC23500330EC7 /* CoreNavigationHostApp.app */ = {isa = PBXFileReference; explicitFileType = wrapper.application; includeInIndex = 0; path = CoreNavigationHostApp.app; sourceTree = BUILT_PRODUCTS_DIR; };
		384CF99A204DC23500330EC7 /* AppDelegate.swift */ = {isa = PBXFileReference; lastKnownFileType = sourcecode.swift; path = AppDelegate.swift; sourceTree = "<group>"; };
		384CF99C204DC23500330EC7 /* ViewController.swift */ = {isa = PBXFileReference; lastKnownFileType = sourcecode.swift; path = ViewController.swift; sourceTree = "<group>"; };
		384CF9A1204DC23500330EC7 /* Assets.xcassets */ = {isa = PBXFileReference; lastKnownFileType = folder.assetcatalog; path = Assets.xcassets; sourceTree = "<group>"; };
		384CF9A4204DC23500330EC7 /* Base */ = {isa = PBXFileReference; lastKnownFileType = file.storyboard; name = Base; path = Base.lproj/LaunchScreen.storyboard; sourceTree = "<group>"; };
		384CF9A6204DC23500330EC7 /* Info.plist */ = {isa = PBXFileReference; lastKnownFileType = text.plist.xml; path = Info.plist; sourceTree = "<group>"; };
		384CF9AD204DC35E00330EC7 /* UIViewController.swift */ = {isa = PBXFileReference; lastKnownFileType = sourcecode.swift; path = UIViewController.swift; sourceTree = "<group>"; };
		384CF9AF204DC38000330EC7 /* Navigator.swift */ = {isa = PBXFileReference; lastKnownFileType = sourcecode.swift; path = Navigator.swift; sourceTree = "<group>"; };
		384CF9B1204DC54400330EC7 /* Configuration.swift */ = {isa = PBXFileReference; lastKnownFileType = sourcecode.swift; path = Configuration.swift; sourceTree = "<group>"; };
		38577C91205C863D00FB4B83 /* ProtectionSpace.swift */ = {isa = PBXFileReference; lastKnownFileType = sourcecode.swift; path = ProtectionSpace.swift; sourceTree = "<group>"; };
		38577C93205C872800FB4B83 /* Protectable.swift */ = {isa = PBXFileReference; lastKnownFileType = sourcecode.swift; path = Protectable.swift; sourceTree = "<group>"; };
		38577C95205C876A00FB4B83 /* ProtectionAware.swift */ = {isa = PBXFileReference; lastKnownFileType = sourcecode.swift; path = ProtectionAware.swift; sourceTree = "<group>"; };
		38577C97205C88A900FB4B83 /* Configuration+DataReceivable.swift */ = {isa = PBXFileReference; lastKnownFileType = sourcecode.swift; path = "Configuration+DataReceivable.swift"; sourceTree = "<group>"; };
		38577C9D205CB88C00FB4B83 /* UnsafeNavigation.swift */ = {isa = PBXFileReference; lastKnownFileType = sourcecode.swift; path = UnsafeNavigation.swift; sourceTree = "<group>"; };
		38577C9F205CBB1300FB4B83 /* UnsafeNavigationAware.swift */ = {isa = PBXFileReference; lastKnownFileType = sourcecode.swift; path = UnsafeNavigationAware.swift; sourceTree = "<group>"; };
		38577CA2205CBB4700FB4B83 /* ProtectionHandler.swift */ = {isa = PBXFileReference; lastKnownFileType = sourcecode.swift; path = ProtectionHandler.swift; sourceTree = "<group>"; };
		386DAB7B2066C6AB002FF908 /* UINavigationController+Convenience.swift */ = {isa = PBXFileReference; lastKnownFileType = sourcecode.swift; path = "UINavigationController+Convenience.swift"; sourceTree = "<group>"; };
		386DAB7D2066E033002FF908 /* String+Convenience.swift */ = {isa = PBXFileReference; lastKnownFileType = sourcecode.swift; path = "String+Convenience.swift"; sourceTree = "<group>"; };
		386DAB7F2066E04F002FF908 /* URL+Convenience.swift */ = {isa = PBXFileReference; lastKnownFileType = sourcecode.swift; path = "URL+Convenience.swift"; sourceTree = "<group>"; };
		387B7897205DF68E0078974C /* Matchable.swift */ = {isa = PBXFileReference; lastKnownFileType = sourcecode.swift; path = Matchable.swift; sourceTree = "<group>"; };
		387B7899205DFF4E0078974C /* RegularExpression.swift */ = {isa = PBXFileReference; lastKnownFileType = sourcecode.swift; path = RegularExpression.swift; sourceTree = "<group>"; };
		387B789B205E0CC60078974C /* RouteMatch.swift */ = {isa = PBXFileReference; lastKnownFileType = sourcecode.swift; path = RouteMatch.swift; sourceTree = "<group>"; };
		3881751E205602950054CFBB /* Embeddable.swift */ = {isa = PBXFileReference; lastKnownFileType = sourcecode.swift; path = Embeddable.swift; sourceTree = "<group>"; };
		3881752020560F090054CFBB /* EmbeddingType.swift */ = {isa = PBXFileReference; lastKnownFileType = sourcecode.swift; path = EmbeddingType.swift; sourceTree = "<group>"; };
		3881752220560F2C0054CFBB /* EmbeddingProtocol.swift */ = {isa = PBXFileReference; lastKnownFileType = sourcecode.swift; path = EmbeddingProtocol.swift; sourceTree = "<group>"; };
		3881752420560F390054CFBB /* EmbeddingAware.swift */ = {isa = PBXFileReference; lastKnownFileType = sourcecode.swift; path = EmbeddingAware.swift; sourceTree = "<group>"; };
		3881752620560FB80054CFBB /* TransitioningAware.swift */ = {isa = PBXFileReference; lastKnownFileType = sourcecode.swift; path = TransitioningAware.swift; sourceTree = "<group>"; };
		38817529205612140054CFBB /* DataPassable.swift */ = {isa = PBXFileReference; lastKnownFileType = sourcecode.swift; path = DataPassable.swift; sourceTree = "<group>"; };
		38817576205710530054CFBB /* DataPassingAware.swift */ = {isa = PBXFileReference; lastKnownFileType = sourcecode.swift; path = DataPassingAware.swift; sourceTree = "<group>"; };
		3881757C20573CCC0054CFBB /* Route.swift */ = {isa = PBXFileReference; lastKnownFileType = sourcecode.swift; path = Route.swift; sourceTree = "<group>"; };
		38836B5120645347007963A0 /* ViewControllerEventSpec.swift */ = {isa = PBXFileReference; lastKnownFileType = sourcecode.swift; path = ViewControllerEventSpec.swift; sourceTree = "<group>"; };
		38836B532064556D007963A0 /* Navigator+ViewControllerEvents.swift */ = {isa = PBXFileReference; lastKnownFileType = sourcecode.swift; path = "Navigator+ViewControllerEvents.swift"; sourceTree = "<group>"; };
		38836B5520645583007963A0 /* Navigator+StateRestoration.swift */ = {isa = PBXFileReference; lastKnownFileType = sourcecode.swift; path = "Navigator+StateRestoration.swift"; sourceTree = "<group>"; };
		38836B57206455AB007963A0 /* Navigator+Cache.swift */ = {isa = PBXFileReference; lastKnownFileType = sourcecode.swift; path = "Navigator+Cache.swift"; sourceTree = "<group>"; };
		38836B5C206460B3007963A0 /* StateRestorationSpec.swift */ = {isa = PBXFileReference; lastKnownFileType = sourcecode.swift; path = StateRestorationSpec.swift; sourceTree = "<group>"; };
		388A2F162065AC57009BC5AC /* Originable.swift */ = {isa = PBXFileReference; lastKnownFileType = sourcecode.swift; path = Originable.swift; sourceTree = "<group>"; };
		388A2F182065AC66009BC5AC /* OriginAware.swift */ = {isa = PBXFileReference; lastKnownFileType = sourcecode.swift; path = OriginAware.swift; sourceTree = "<group>"; };
		388C73192059DED500C11EEB /* Eventable.swift */ = {isa = PBXFileReference; lastKnownFileType = sourcecode.swift; path = Eventable.swift; sourceTree = "<group>"; };
		388C731B2059E1A400C11EEB /* EventAware.swift */ = {isa = PBXFileReference; lastKnownFileType = sourcecode.swift; path = EventAware.swift; sourceTree = "<group>"; };
		3895D2DC2064453F00A7ECD6 /* ApplicationAware.swift */ = {isa = PBXFileReference; lastKnownFileType = sourcecode.swift; path = ApplicationAware.swift; sourceTree = "<group>"; };
		3895D2DE2064455B00A7ECD6 /* Application.swift */ = {isa = PBXFileReference; lastKnownFileType = sourcecode.swift; path = Application.swift; sourceTree = "<group>"; };
		3895D2E02064478000A7ECD6 /* UIApplicationProtocol.swift */ = {isa = PBXFileReference; lastKnownFileType = sourcecode.swift; path = UIApplicationProtocol.swift; sourceTree = "<group>"; };
		38A7AFEE2063264B00C36040 /* Route+Convenience.swift */ = {isa = PBXFileReference; lastKnownFileType = sourcecode.swift; path = "Route+Convenience.swift"; sourceTree = "<group>"; };
		38A7AFF2206330B600C36040 /* Matchable+Convenience.swift */ = {isa = PBXFileReference; lastKnownFileType = sourcecode.swift; path = "Matchable+Convenience.swift"; sourceTree = "<group>"; };
		38AC50A420646B7A00E93DFF /* CachingSpec.swift */ = {isa = PBXFileReference; lastKnownFileType = sourcecode.swift; path = CachingSpec.swift; sourceTree = "<group>"; };
		38AC50A72064757100E93DFF /* RoutingSpec.swift */ = {isa = PBXFileReference; lastKnownFileType = sourcecode.swift; path = RoutingSpec.swift; sourceTree = "<group>"; };
		38AC50AA206481FA00E93DFF /* ProtectionSpec.swift */ = {isa = PBXFileReference; lastKnownFileType = sourcecode.swift; path = ProtectionSpec.swift; sourceTree = "<group>"; };
		38D5B37D204A354A005A15BC /* CoreNavigation.framework */ = {isa = PBXFileReference; explicitFileType = wrapper.framework; includeInIndex = 0; path = CoreNavigation.framework; sourceTree = BUILT_PRODUCTS_DIR; };
		38D5B380204A354A005A15BC /* CoreNavigation.h */ = {isa = PBXFileReference; lastKnownFileType = sourcecode.c.h; path = CoreNavigation.h; sourceTree = "<group>"; };
		38D5B381204A354A005A15BC /* Info.plist */ = {isa = PBXFileReference; lastKnownFileType = text.plist.xml; path = Info.plist; sourceTree = "<group>"; };
		38D5B386204A354A005A15BC /* CoreNavigationTests.xctest */ = {isa = PBXFileReference; explicitFileType = wrapper.cfbundle; includeInIndex = 0; path = CoreNavigationTests.xctest; sourceTree = BUILT_PRODUCTS_DIR; };
		38D5B38D204A354A005A15BC /* Info.plist */ = {isa = PBXFileReference; lastKnownFileType = text.plist.xml; path = Info.plist; sourceTree = "<group>"; };
		38D5B398204A3567005A15BC /* Global.swift */ = {isa = PBXFileReference; lastKnownFileType = sourcecode.swift; path = Global.swift; sourceTree = "<group>"; };
		38D5B39B204A35A0005A15BC /* Navigation.swift */ = {isa = PBXFileReference; lastKnownFileType = sourcecode.swift; path = Navigation.swift; sourceTree = "<group>"; };
		38D5B39D204A360D005A15BC /* CoreNavigation.playground */ = {isa = PBXFileReference; lastKnownFileType = file.playground; path = CoreNavigation.playground; sourceTree = "<group>"; xcLanguageSpecificationIdentifier = xcode.lang.swift; };
		38D5B3A0204A36BD005A15BC /* To.swift */ = {isa = PBXFileReference; lastKnownFileType = sourcecode.swift; path = To.swift; sourceTree = "<group>"; };
		38E24F73205D609C0062AE85 /* Router.swift */ = {isa = PBXFileReference; lastKnownFileType = sourcecode.swift; path = Router.swift; sourceTree = "<group>"; };
		38F1D896205B04FB001F0B0B /* Swizzler.swift */ = {isa = PBXFileReference; lastKnownFileType = sourcecode.swift; path = Swizzler.swift; sourceTree = "<group>"; };
		38F1D898205B054E001F0B0B /* UIApplication.swift */ = {isa = PBXFileReference; lastKnownFileType = sourcecode.swift; path = UIApplication.swift; sourceTree = "<group>"; };
		38F1D89A205B0574001F0B0B /* UIViewController+Events.swift */ = {isa = PBXFileReference; fileEncoding = 4; lastKnownFileType = sourcecode.swift; path = "UIViewController+Events.swift"; sourceTree = "<group>"; };
		38F1D89C205B059E001F0B0B /* ObjectAssociation.swift */ = {isa = PBXFileReference; lastKnownFileType = sourcecode.swift; path = ObjectAssociation.swift; sourceTree = "<group>"; };
		38F1D89E205B05CF001F0B0B /* ViewControllerObserver.swift */ = {isa = PBXFileReference; fileEncoding = 4; lastKnownFileType = sourcecode.swift; path = ViewControllerObserver.swift; sourceTree = "<group>"; };
		38F1D8A0205B0F32001F0B0B /* ViewControllerEvent.swift */ = {isa = PBXFileReference; lastKnownFileType = sourcecode.swift; path = ViewControllerEvent.swift; sourceTree = "<group>"; };
		38F1D8A3205B2F83001F0B0B /* Lifetime.swift */ = {isa = PBXFileReference; lastKnownFileType = sourcecode.swift; path = Lifetime.swift; sourceTree = "<group>"; };
		38F1D8A5205B2F9F001F0B0B /* Cacheable.swift */ = {isa = PBXFileReference; lastKnownFileType = sourcecode.swift; path = Cacheable.swift; sourceTree = "<group>"; };
		38F1D8A7205B3026001F0B0B /* CachingAware.swift */ = {isa = PBXFileReference; lastKnownFileType = sourcecode.swift; path = CachingAware.swift; sourceTree = "<group>"; };
		38F1D8A9205B31A7001F0B0B /* Cache.swift */ = {isa = PBXFileReference; fileEncoding = 4; lastKnownFileType = sourcecode.swift; path = Cache.swift; sourceTree = "<group>"; };
		4A7F275B61391C0769913096 /* Pods-CoreNavigationTests.debug.xcconfig */ = {isa = PBXFileReference; includeInIndex = 1; lastKnownFileType = text.xcconfig; name = "Pods-CoreNavigationTests.debug.xcconfig"; path = "Pods/Target Support Files/Pods-CoreNavigationTests/Pods-CoreNavigationTests.debug.xcconfig"; sourceTree = "<group>"; };
		7C24A04FA7E3D35F3012C525 /* Pods_CoreNavigation.framework */ = {isa = PBXFileReference; explicitFileType = wrapper.framework; includeInIndex = 0; path = Pods_CoreNavigation.framework; sourceTree = BUILT_PRODUCTS_DIR; };
		978DC88BCF3C32C02F68261A /* Pods_CoreNavigationTests.framework */ = {isa = PBXFileReference; explicitFileType = wrapper.framework; includeInIndex = 0; path = Pods_CoreNavigationTests.framework; sourceTree = BUILT_PRODUCTS_DIR; };
		A8D350D600898E2C7BD49EBB /* Pods-CoreNavigationTests.release.xcconfig */ = {isa = PBXFileReference; includeInIndex = 1; lastKnownFileType = text.xcconfig; name = "Pods-CoreNavigationTests.release.xcconfig"; path = "Pods/Target Support Files/Pods-CoreNavigationTests/Pods-CoreNavigationTests.release.xcconfig"; sourceTree = "<group>"; };
		AE1582FBAF707E300094EB0E /* Pods-CoreNavigation-CoreNavigationHostApp.debug.xcconfig */ = {isa = PBXFileReference; includeInIndex = 1; lastKnownFileType = text.xcconfig; name = "Pods-CoreNavigation-CoreNavigationHostApp.debug.xcconfig"; path = "Pods/Target Support Files/Pods-CoreNavigation-CoreNavigationHostApp/Pods-CoreNavigation-CoreNavigationHostApp.debug.xcconfig"; sourceTree = "<group>"; };
		C253820EB1472A576BE2F0DA /* Pods-CoreNavigation.release.xcconfig */ = {isa = PBXFileReference; includeInIndex = 1; lastKnownFileType = text.xcconfig; name = "Pods-CoreNavigation.release.xcconfig"; path = "Pods/Target Support Files/Pods-CoreNavigation/Pods-CoreNavigation.release.xcconfig"; sourceTree = "<group>"; };
		D30F96E319C141139E5DB879 /* Pods-CoreNavigation.debug.xcconfig */ = {isa = PBXFileReference; includeInIndex = 1; lastKnownFileType = text.xcconfig; name = "Pods-CoreNavigation.debug.xcconfig"; path = "Pods/Target Support Files/Pods-CoreNavigation/Pods-CoreNavigation.debug.xcconfig"; sourceTree = "<group>"; };
/* End PBXFileReference section */

/* Begin PBXFrameworksBuildPhase section */
		384CF995204DC23500330EC7 /* Frameworks */ = {
			isa = PBXFrameworksBuildPhase;
			buildActionMask = 2147483647;
			files = (
				96D5A5AA4175CA45D8D01D18 /* Pods_CoreNavigation_CoreNavigationHostApp.framework in Frameworks */,
			);
			runOnlyForDeploymentPostprocessing = 0;
		};
		38D5B379204A354A005A15BC /* Frameworks */ = {
			isa = PBXFrameworksBuildPhase;
			buildActionMask = 2147483647;
			files = (
				5045FEA6C45FFD8E3FAF9F02 /* Pods_CoreNavigation.framework in Frameworks */,
			);
			runOnlyForDeploymentPostprocessing = 0;
		};
		38D5B383204A354A005A15BC /* Frameworks */ = {
			isa = PBXFrameworksBuildPhase;
			buildActionMask = 2147483647;
			files = (
				38D5B387204A354A005A15BC /* CoreNavigation.framework in Frameworks */,
				4CDC5B0E03F469257562D5E9 /* Pods_CoreNavigationTests.framework in Frameworks */,
			);
			runOnlyForDeploymentPostprocessing = 0;
		};
/* End PBXFrameworksBuildPhase section */

/* Begin PBXGroup section */
		381D744520558CC700F1C154 /* Transitioning */ = {
			isa = PBXGroup;
			children = (
				381D7443205588F200F1C154 /* Transitionable.swift */,
				3881752620560FB80054CFBB /* TransitioningAware.swift */,
			);
			path = Transitioning;
			sourceTree = "<group>";
		};
		381D744C2055986B00F1C154 /* Struct */ = {
			isa = PBXGroup;
			children = (
				38D5B39B204A35A0005A15BC /* Navigation.swift */,
			);
			path = Struct;
			sourceTree = "<group>";
		};
		381D744D2055988800F1C154 /* History */ = {
			isa = PBXGroup;
			children = (
				381D744E2055989600F1C154 /* History.swift */,
				381D745120559A7300F1C154 /* History_Item.swift */,
			);
			path = History;
			sourceTree = "<group>";
		};
		381D74502055997400F1C154 /* History */ = {
			isa = PBXGroup;
			children = (
				381D745320559A9500F1C154 /* HistoryItem.swift */,
			);
			path = History;
			sourceTree = "<group>";
		};
		3822436B2054BF5900426342 /* Navigator */ = {
			isa = PBXGroup;
			children = (
				384CF9AF204DC38000330EC7 /* Navigator.swift */,
				3822436C2054BF6100426342 /* Navigator_Push.swift */,
				3822436E2054BF8C00426342 /* Navigator_Present.swift */,
				380411142055D1CF000C6A25 /* Navigator_NavigationOperation.swift */,
			);
			path = Navigator;
			sourceTree = "<group>";
		};
		38444A96205EF747001F3F5C /* StateRestoration */ = {
			isa = PBXGroup;
			children = (
				38444A97205EF760001F3F5C /* StateRestorable.swift */,
				38444A99205EF768001F3F5C /* StateRestorationAware.swift */,
				38444AA0205EFBE1001F3F5C /* StateRestorationDelegate.swift */,
			);
			path = StateRestoration;
			sourceTree = "<group>";
		};
		38444A9D205EFB9F001F3F5C /* StateRestoration */ = {
			isa = PBXGroup;
			children = (
				38444A9E205EFBA5001F3F5C /* StateRestoration.swift */,
				38444AA2205EFBFD001F3F5C /* StateRestorationContext.swift */,
			);
			path = StateRestoration;
			sourceTree = "<group>";
		};
		38444AB0205F56FA001F3F5C /* Convenience */ = {
			isa = PBXGroup;
			children = (
				38444AB1205F56FF001F3F5C /* ViewController */,
			);
			path = Convenience;
			sourceTree = "<group>";
		};
		38444AB1205F56FF001F3F5C /* ViewController */ = {
			isa = PBXGroup;
			children = (
				38444AB2205F570F001F3F5C /* UIViewController+Convenience.swift */,
				386DAB7B2066C6AB002FF908 /* UINavigationController+Convenience.swift */,
				38A7AFEE2063264B00C36040 /* Route+Convenience.swift */,
				38A7AFF2206330B600C36040 /* Matchable+Convenience.swift */,
				386DAB7D2066E033002FF908 /* String+Convenience.swift */,
				386DAB7F2066E04F002FF908 /* URL+Convenience.swift */,
			);
			path = ViewController;
			sourceTree = "<group>";
		};
		384CF98D204DBBC700330EC7 /* Protocol */ = {
			isa = PBXGroup;
			children = (
				388A2F152065AC4B009BC5AC /* Origin */,
				3895D2DB2064453600A7ECD6 /* Application */,
				38444A96205EF747001F3F5C /* StateRestoration */,
				38577C9C205CB87E00FB4B83 /* Unsafe */,
				38577C90205C863700FB4B83 /* Protection */,
				38F1D8A2205B2F7C001F0B0B /* Caching */,
				388C73182059DE3800C11EEB /* Events */,
				388175282056120D0054CFBB /* DataPassing */,
				3881751D2056028C0054CFBB /* Embedding */,
				381D74502055997400F1C154 /* History */,
				381D744520558CC700F1C154 /* Transitioning */,
				384CF98E204DBBD100330EC7 /* DestinationAware.swift */,
				384CF990204DBBE200330EC7 /* Resultable.swift */,
			);
			path = Protocol;
			sourceTree = "<group>";
		};
		384CF999204DC23500330EC7 /* CoreNavigationHostApp */ = {
			isa = PBXGroup;
			children = (
				384CF99A204DC23500330EC7 /* AppDelegate.swift */,
				384CF99C204DC23500330EC7 /* ViewController.swift */,
				384CF9A1204DC23500330EC7 /* Assets.xcassets */,
				384CF9A3204DC23500330EC7 /* LaunchScreen.storyboard */,
				384CF9A6204DC23500330EC7 /* Info.plist */,
			);
			path = CoreNavigationHostApp;
			sourceTree = "<group>";
		};
		384CF9AC204DC35400330EC7 /* Extension */ = {
			isa = PBXGroup;
			children = (
				38F1D89A205B0574001F0B0B /* UIViewController+Events.swift */,
				384CF9AD204DC35E00330EC7 /* UIViewController.swift */,
				381D744620558FF700F1C154 /* UINavigationController.swift */,
				38F1D898205B054E001F0B0B /* UIApplication.swift */,
				38577C97205C88A900FB4B83 /* Configuration+DataReceivable.swift */,
				38836B532064556D007963A0 /* Navigator+ViewControllerEvents.swift */,
				38836B5520645583007963A0 /* Navigator+StateRestoration.swift */,
				38836B57206455AB007963A0 /* Navigator+Cache.swift */,
			);
			path = Extension;
			sourceTree = "<group>";
		};
		38577C90205C863700FB4B83 /* Protection */ = {
			isa = PBXGroup;
			children = (
				38577C91205C863D00FB4B83 /* ProtectionSpace.swift */,
				38577C93205C872800FB4B83 /* Protectable.swift */,
				38577C95205C876A00FB4B83 /* ProtectionAware.swift */,
			);
			path = Protection;
			sourceTree = "<group>";
		};
		38577C9C205CB87E00FB4B83 /* Unsafe */ = {
			isa = PBXGroup;
			children = (
				38577C9D205CB88C00FB4B83 /* UnsafeNavigation.swift */,
				38577C9F205CBB1300FB4B83 /* UnsafeNavigationAware.swift */,
			);
			path = Unsafe;
			sourceTree = "<group>";
		};
		38577CA1205CBB3F00FB4B83 /* Protection */ = {
			isa = PBXGroup;
			children = (
				38577CA2205CBB4700FB4B83 /* ProtectionHandler.swift */,
			);
			path = Protection;
			sourceTree = "<group>";
		};
		3881751D2056028C0054CFBB /* Embedding */ = {
			isa = PBXGroup;
			children = (
				3881751E205602950054CFBB /* Embeddable.swift */,
				3881752220560F2C0054CFBB /* EmbeddingProtocol.swift */,
				3881752420560F390054CFBB /* EmbeddingAware.swift */,
			);
			path = Embedding;
			sourceTree = "<group>";
		};
		388175282056120D0054CFBB /* DataPassing */ = {
			isa = PBXGroup;
			children = (
				38817529205612140054CFBB /* DataPassable.swift */,
				38817576205710530054CFBB /* DataPassingAware.swift */,
				38222B472066F11C00435008 /* DataReceivingViewController.swift */,
				38222B492066F47300435008 /* DataReceiving.swift */,
			);
			path = DataPassing;
			sourceTree = "<group>";
		};
		3881757A20573CAC0054CFBB /* Routing */ = {
			isa = PBXGroup;
			children = (
				38E24F72205D60960062AE85 /* Class */,
				3881757B20573CC60054CFBB /* Protocol */,
			);
			path = Routing;
			sourceTree = "<group>";
		};
		3881757B20573CC60054CFBB /* Protocol */ = {
			isa = PBXGroup;
			children = (
				3881757C20573CCC0054CFBB /* Route.swift */,
				383320CE205DE9E1008492EE /* AnyRoute.swift */,
				383320D0205DE9FE008492EE /* RoutePatternsAware.swift */,
				387B7897205DF68E0078974C /* Matchable.swift */,
				38342D8D205E1D890085DFF4 /* RouteParametersAware.swift */,
			);
			path = Protocol;
			sourceTree = "<group>";
		};
		38836B5920646098007963A0 /* Navigation */ = {
			isa = PBXGroup;
			children = (
				384CF992204DBE7500330EC7 /* PresentSpec.swift */,
				381D74482055903F00F1C154 /* PushSpec.swift */,
			);
			path = Navigation;
			sourceTree = "<group>";
		};
		38836B5A206460A4007963A0 /* Events */ = {
			isa = PBXGroup;
			children = (
				38836B5120645347007963A0 /* ViewControllerEventSpec.swift */,
			);
			path = Events;
			sourceTree = "<group>";
		};
		38836B5B206460AA007963A0 /* StateRestoration */ = {
			isa = PBXGroup;
			children = (
				38836B5C206460B3007963A0 /* StateRestorationSpec.swift */,
			);
			path = StateRestoration;
			sourceTree = "<group>";
		};
		388A2F152065AC4B009BC5AC /* Origin */ = {
			isa = PBXGroup;
			children = (
				388A2F162065AC57009BC5AC /* Originable.swift */,
				388A2F182065AC66009BC5AC /* OriginAware.swift */,
			);
			path = Origin;
			sourceTree = "<group>";
		};
		388C73182059DE3800C11EEB /* Events */ = {
			isa = PBXGroup;
			children = (
				388C73192059DED500C11EEB /* Eventable.swift */,
				388C731B2059E1A400C11EEB /* EventAware.swift */,
			);
			path = Events;
			sourceTree = "<group>";
		};
		3895D2DB2064453600A7ECD6 /* Application */ = {
			isa = PBXGroup;
			children = (
				3895D2DC2064453F00A7ECD6 /* ApplicationAware.swift */,
				3895D2DE2064455B00A7ECD6 /* Application.swift */,
				3895D2E02064478000A7ECD6 /* UIApplicationProtocol.swift */,
			);
			path = Application;
			sourceTree = "<group>";
		};
		38AC50A320646B6200E93DFF /* Caching */ = {
			isa = PBXGroup;
			children = (
				38AC50A420646B7A00E93DFF /* CachingSpec.swift */,
			);
			path = Caching;
			sourceTree = "<group>";
		};
		38AC50A62064756600E93DFF /* Routing */ = {
			isa = PBXGroup;
			children = (
				38AC50A72064757100E93DFF /* RoutingSpec.swift */,
			);
			path = Routing;
			sourceTree = "<group>";
		};
		38AC50A9206481BF00E93DFF /* Protection */ = {
			isa = PBXGroup;
			children = (
				38AC50AA206481FA00E93DFF /* ProtectionSpec.swift */,
			);
			path = Protection;
			sourceTree = "<group>";
		};
		38D5B373204A354A005A15BC = {
			isa = PBXGroup;
			children = (
				38D5B39D204A360D005A15BC /* CoreNavigation.playground */,
				38D5B37F204A354A005A15BC /* CoreNavigation */,
				38D5B38A204A354A005A15BC /* CoreNavigationTests */,
				384CF999204DC23500330EC7 /* CoreNavigationHostApp */,
				38D5B37E204A354A005A15BC /* Products */,
				3BB79C03C098A522E1F2F3F0 /* Pods */,
				5D89F435C79751BAE67DE0A4 /* Frameworks */,
			);
			sourceTree = "<group>";
		};
		38D5B37E204A354A005A15BC /* Products */ = {
			isa = PBXGroup;
			children = (
				38D5B37D204A354A005A15BC /* CoreNavigation.framework */,
				38D5B386204A354A005A15BC /* CoreNavigationTests.xctest */,
				384CF998204DC23500330EC7 /* CoreNavigationHostApp.app */,
			);
			name = Products;
			sourceTree = "<group>";
		};
		38D5B37F204A354A005A15BC /* CoreNavigation */ = {
			isa = PBXGroup;
			children = (
				38444AB0205F56FA001F3F5C /* Convenience */,
				3881757A20573CAC0054CFBB /* Routing */,
				38D5B39E204A3698005A15BC /* Core */,
				38D5B380204A354A005A15BC /* CoreNavigation.h */,
				38D5B381204A354A005A15BC /* Info.plist */,
			);
			path = CoreNavigation;
			sourceTree = "<group>";
		};
		38D5B38A204A354A005A15BC /* CoreNavigationTests */ = {
			isa = PBXGroup;
			children = (
				38AC50A9206481BF00E93DFF /* Protection */,
				38AC50A62064756600E93DFF /* Routing */,
				38AC50A320646B6200E93DFF /* Caching */,
				38836B5B206460AA007963A0 /* StateRestoration */,
				38836B5A206460A4007963A0 /* Events */,
				38836B5920646098007963A0 /* Navigation */,
				38D5B38D204A354A005A15BC /* Info.plist */,
				381D744A205591D900F1C154 /* Utils.swift */,
			);
			path = CoreNavigationTests;
			sourceTree = "<group>";
		};
		38D5B397204A355D005A15BC /* Global */ = {
			isa = PBXGroup;
			children = (
				38D5B398204A3567005A15BC /* Global.swift */,
			);
			path = Global;
			sourceTree = "<group>";
		};
		38D5B39A204A3586005A15BC /* Enum */ = {
			isa = PBXGroup;
			children = (
				384CF987204DBB5400330EC7 /* Destination.swift */,
				382243692054B91A00426342 /* NavigationType.swift */,
				381D74552055A28A00F1C154 /* HistoryDirection.swift */,
				3881752020560F090054CFBB /* EmbeddingType.swift */,
				38F1D8A0205B0F32001F0B0B /* ViewControllerEvent.swift */,
				38444A9B205EF894001F3F5C /* StateRestorationOption.swift */,
			);
			path = Enum;
			sourceTree = "<group>";
		};
		38D5B39E204A3698005A15BC /* Core */ = {
			isa = PBXGroup;
			children = (
				384CF98D204DBBC700330EC7 /* Protocol */,
				381D744C2055986B00F1C154 /* Struct */,
				384CF9AC204DC35400330EC7 /* Extension */,
				38D5B39F204A36B5005A15BC /* Class */,
				38D5B39A204A3586005A15BC /* Enum */,
				38D5B397204A355D005A15BC /* Global */,
			);
			path = Core;
			sourceTree = "<group>";
		};
		38D5B39F204A36B5005A15BC /* Class */ = {
			isa = PBXGroup;
			children = (
				38444A9D205EFB9F001F3F5C /* StateRestoration */,
				38577CA1205CBB3F00FB4B83 /* Protection */,
				38F1D8AB205B31AF001F0B0B /* Cache */,
				381D744D2055988800F1C154 /* History */,
				3822436B2054BF5900426342 /* Navigator */,
				38D5B3A0204A36BD005A15BC /* To.swift */,
				384CF9B1204DC54400330EC7 /* Configuration.swift */,
				384CF98B204DBB8E00330EC7 /* Result.swift */,
				38F1D896205B04FB001F0B0B /* Swizzler.swift */,
				38F1D89E205B05CF001F0B0B /* ViewControllerObserver.swift */,
				38F1D89C205B059E001F0B0B /* ObjectAssociation.swift */,
			);
			path = Class;
			sourceTree = "<group>";
		};
		38E24F72205D60960062AE85 /* Class */ = {
			isa = PBXGroup;
			children = (
				38E24F73205D609C0062AE85 /* Router.swift */,
				387B7899205DFF4E0078974C /* RegularExpression.swift */,
				383320D2205DEA24008492EE /* RouteHandler.swift */,
				387B789B205E0CC60078974C /* RouteMatch.swift */,
			);
			path = Class;
			sourceTree = "<group>";
		};
		38F1D8A2205B2F7C001F0B0B /* Caching */ = {
			isa = PBXGroup;
			children = (
				38F1D8A3205B2F83001F0B0B /* Lifetime.swift */,
				38F1D8A5205B2F9F001F0B0B /* Cacheable.swift */,
				38F1D8A7205B3026001F0B0B /* CachingAware.swift */,
			);
			path = Caching;
			sourceTree = "<group>";
		};
		38F1D8AB205B31AF001F0B0B /* Cache */ = {
			isa = PBXGroup;
			children = (
				38F1D8A9205B31A7001F0B0B /* Cache.swift */,
			);
			path = Cache;
			sourceTree = "<group>";
		};
		3BB79C03C098A522E1F2F3F0 /* Pods */ = {
			isa = PBXGroup;
			children = (
				D30F96E319C141139E5DB879 /* Pods-CoreNavigation.debug.xcconfig */,
				C253820EB1472A576BE2F0DA /* Pods-CoreNavigation.release.xcconfig */,
				4A7F275B61391C0769913096 /* Pods-CoreNavigationTests.debug.xcconfig */,
				A8D350D600898E2C7BD49EBB /* Pods-CoreNavigationTests.release.xcconfig */,
				AE1582FBAF707E300094EB0E /* Pods-CoreNavigation-CoreNavigationHostApp.debug.xcconfig */,
				0DA6D89B78D6CF53665B7724 /* Pods-CoreNavigation-CoreNavigationHostApp.release.xcconfig */,
			);
			name = Pods;
			sourceTree = "<group>";
		};
		5D89F435C79751BAE67DE0A4 /* Frameworks */ = {
			isa = PBXGroup;
			children = (
				7C24A04FA7E3D35F3012C525 /* Pods_CoreNavigation.framework */,
				978DC88BCF3C32C02F68261A /* Pods_CoreNavigationTests.framework */,
				02B5277C7E34DAD0343F1EBF /* Pods_CoreNavigation_CoreNavigationHostApp.framework */,
			);
			name = Frameworks;
			sourceTree = "<group>";
		};
/* End PBXGroup section */

/* Begin PBXHeadersBuildPhase section */
		38D5B37A204A354A005A15BC /* Headers */ = {
			isa = PBXHeadersBuildPhase;
			buildActionMask = 2147483647;
			files = (
				38D5B38E204A354B005A15BC /* CoreNavigation.h in Headers */,
			);
			runOnlyForDeploymentPostprocessing = 0;
		};
/* End PBXHeadersBuildPhase section */

/* Begin PBXNativeTarget section */
		384CF997204DC23500330EC7 /* CoreNavigationHostApp */ = {
			isa = PBXNativeTarget;
			buildConfigurationList = 384CF9A7204DC23500330EC7 /* Build configuration list for PBXNativeTarget "CoreNavigationHostApp" */;
			buildPhases = (
				15569E3012388260FF555BF2 /* [CP] Check Pods Manifest.lock */,
				384CF994204DC23500330EC7 /* Sources */,
				384CF995204DC23500330EC7 /* Frameworks */,
				384CF996204DC23500330EC7 /* Resources */,
				DFB7C36C0E7DF3877D05625F /* [CP] Embed Pods Frameworks */,
				A3B64DFF903D94197D0CD9FD /* [CP] Copy Pods Resources */,
			);
			buildRules = (
			);
			dependencies = (
			);
			name = CoreNavigationHostApp;
			productName = CoreNavigationHostApp;
			productReference = 384CF998204DC23500330EC7 /* CoreNavigationHostApp.app */;
			productType = "com.apple.product-type.application";
		};
		38D5B37C204A354A005A15BC /* CoreNavigation */ = {
			isa = PBXNativeTarget;
			buildConfigurationList = 38D5B391204A354B005A15BC /* Build configuration list for PBXNativeTarget "CoreNavigation" */;
			buildPhases = (
				37F8DEFFA38961202C0B2A64 /* [CP] Check Pods Manifest.lock */,
				38D5B378204A354A005A15BC /* Sources */,
				38D5B379204A354A005A15BC /* Frameworks */,
				38D5B37A204A354A005A15BC /* Headers */,
				38D5B37B204A354A005A15BC /* Resources */,
				33287B2E0C6E06552B7AD2F9 /* [CP] Copy Pods Resources */,
			);
			buildRules = (
			);
			dependencies = (
			);
			name = CoreNavigation;
			productName = CoreNavigation;
			productReference = 38D5B37D204A354A005A15BC /* CoreNavigation.framework */;
			productType = "com.apple.product-type.framework";
		};
		38D5B385204A354A005A15BC /* CoreNavigationTests */ = {
			isa = PBXNativeTarget;
			buildConfigurationList = 38D5B394204A354B005A15BC /* Build configuration list for PBXNativeTarget "CoreNavigationTests" */;
			buildPhases = (
				77FB511BC8D1CF396FDF262F /* [CP] Check Pods Manifest.lock */,
				38D5B382204A354A005A15BC /* Sources */,
				38D5B383204A354A005A15BC /* Frameworks */,
				38D5B384204A354A005A15BC /* Resources */,
				3C7B11D8FCC408CD600EF393 /* [CP] Embed Pods Frameworks */,
				C648C0DCE1FA96C494C804D8 /* [CP] Copy Pods Resources */,
			);
			buildRules = (
			);
			dependencies = (
				38D5B389204A354A005A15BC /* PBXTargetDependency */,
				384CF9AB204DC23A00330EC7 /* PBXTargetDependency */,
			);
			name = CoreNavigationTests;
			productName = CoreNavigationTests;
			productReference = 38D5B386204A354A005A15BC /* CoreNavigationTests.xctest */;
			productType = "com.apple.product-type.bundle.unit-test";
		};
/* End PBXNativeTarget section */

/* Begin PBXProject section */
		38D5B374204A354A005A15BC /* Project object */ = {
			isa = PBXProject;
			attributes = {
				LastSwiftUpdateCheck = 0920;
				LastUpgradeCheck = 0920;
				ORGANIZATIONNAME = "Aron Balog";
				TargetAttributes = {
					384CF997204DC23500330EC7 = {
						CreatedOnToolsVersion = 9.2;
						ProvisioningStyle = Automatic;
					};
					38D5B37C204A354A005A15BC = {
						CreatedOnToolsVersion = 9.2;
						LastSwiftMigration = 0920;
						ProvisioningStyle = Automatic;
					};
					38D5B385204A354A005A15BC = {
						CreatedOnToolsVersion = 9.2;
						ProvisioningStyle = Automatic;
						TestTargetID = 384CF997204DC23500330EC7;
					};
				};
			};
			buildConfigurationList = 38D5B377204A354A005A15BC /* Build configuration list for PBXProject "CoreNavigation" */;
			compatibilityVersion = "Xcode 8.0";
			developmentRegion = en;
			hasScannedForEncodings = 0;
			knownRegions = (
				en,
				Base,
			);
			mainGroup = 38D5B373204A354A005A15BC;
			productRefGroup = 38D5B37E204A354A005A15BC /* Products */;
			projectDirPath = "";
			projectRoot = "";
			targets = (
				38D5B37C204A354A005A15BC /* CoreNavigation */,
				38D5B385204A354A005A15BC /* CoreNavigationTests */,
				384CF997204DC23500330EC7 /* CoreNavigationHostApp */,
			);
		};
/* End PBXProject section */

/* Begin PBXResourcesBuildPhase section */
		384CF996204DC23500330EC7 /* Resources */ = {
			isa = PBXResourcesBuildPhase;
			buildActionMask = 2147483647;
			files = (
				384CF9A5204DC23500330EC7 /* LaunchScreen.storyboard in Resources */,
				384CF9A2204DC23500330EC7 /* Assets.xcassets in Resources */,
			);
			runOnlyForDeploymentPostprocessing = 0;
		};
		38D5B37B204A354A005A15BC /* Resources */ = {
			isa = PBXResourcesBuildPhase;
			buildActionMask = 2147483647;
			files = (
			);
			runOnlyForDeploymentPostprocessing = 0;
		};
		38D5B384204A354A005A15BC /* Resources */ = {
			isa = PBXResourcesBuildPhase;
			buildActionMask = 2147483647;
			files = (
			);
			runOnlyForDeploymentPostprocessing = 0;
		};
/* End PBXResourcesBuildPhase section */

/* Begin PBXShellScriptBuildPhase section */
		15569E3012388260FF555BF2 /* [CP] Check Pods Manifest.lock */ = {
			isa = PBXShellScriptBuildPhase;
			buildActionMask = 2147483647;
			files = (
			);
			inputPaths = (
				"${PODS_PODFILE_DIR_PATH}/Podfile.lock",
				"${PODS_ROOT}/Manifest.lock",
			);
			name = "[CP] Check Pods Manifest.lock";
			outputPaths = (
				"$(DERIVED_FILE_DIR)/Pods-CoreNavigation-CoreNavigationHostApp-checkManifestLockResult.txt",
			);
			runOnlyForDeploymentPostprocessing = 0;
			shellPath = /bin/sh;
			shellScript = "diff \"${PODS_PODFILE_DIR_PATH}/Podfile.lock\" \"${PODS_ROOT}/Manifest.lock\" > /dev/null\nif [ $? != 0 ] ; then\n    # print error to STDERR\n    echo \"error: The sandbox is not in sync with the Podfile.lock. Run 'pod install' or update your CocoaPods installation.\" >&2\n    exit 1\nfi\n# This output is used by Xcode 'outputs' to avoid re-running this script phase.\necho \"SUCCESS\" > \"${SCRIPT_OUTPUT_FILE_0}\"\n";
			showEnvVarsInLog = 0;
		};
		33287B2E0C6E06552B7AD2F9 /* [CP] Copy Pods Resources */ = {
			isa = PBXShellScriptBuildPhase;
			buildActionMask = 2147483647;
			files = (
			);
			inputPaths = (
			);
			name = "[CP] Copy Pods Resources";
			outputPaths = (
			);
			runOnlyForDeploymentPostprocessing = 0;
			shellPath = /bin/sh;
			shellScript = "\"${SRCROOT}/Pods/Target Support Files/Pods-CoreNavigation/Pods-CoreNavigation-resources.sh\"\n";
			showEnvVarsInLog = 0;
		};
		37F8DEFFA38961202C0B2A64 /* [CP] Check Pods Manifest.lock */ = {
			isa = PBXShellScriptBuildPhase;
			buildActionMask = 2147483647;
			files = (
			);
			inputPaths = (
				"${PODS_PODFILE_DIR_PATH}/Podfile.lock",
				"${PODS_ROOT}/Manifest.lock",
			);
			name = "[CP] Check Pods Manifest.lock";
			outputPaths = (
				"$(DERIVED_FILE_DIR)/Pods-CoreNavigation-checkManifestLockResult.txt",
			);
			runOnlyForDeploymentPostprocessing = 0;
			shellPath = /bin/sh;
			shellScript = "diff \"${PODS_PODFILE_DIR_PATH}/Podfile.lock\" \"${PODS_ROOT}/Manifest.lock\" > /dev/null\nif [ $? != 0 ] ; then\n    # print error to STDERR\n    echo \"error: The sandbox is not in sync with the Podfile.lock. Run 'pod install' or update your CocoaPods installation.\" >&2\n    exit 1\nfi\n# This output is used by Xcode 'outputs' to avoid re-running this script phase.\necho \"SUCCESS\" > \"${SCRIPT_OUTPUT_FILE_0}\"\n";
			showEnvVarsInLog = 0;
		};
		3C7B11D8FCC408CD600EF393 /* [CP] Embed Pods Frameworks */ = {
			isa = PBXShellScriptBuildPhase;
			buildActionMask = 2147483647;
			files = (
			);
			inputPaths = (
				"${SRCROOT}/Pods/Target Support Files/Pods-CoreNavigationTests/Pods-CoreNavigationTests-frameworks.sh",
				"${BUILT_PRODUCTS_DIR}/Nimble/Nimble.framework",
				"${BUILT_PRODUCTS_DIR}/Quick/Quick.framework",
			);
			name = "[CP] Embed Pods Frameworks";
			outputPaths = (
				"${TARGET_BUILD_DIR}/${FRAMEWORKS_FOLDER_PATH}/Nimble.framework",
				"${TARGET_BUILD_DIR}/${FRAMEWORKS_FOLDER_PATH}/Quick.framework",
			);
			runOnlyForDeploymentPostprocessing = 0;
			shellPath = /bin/sh;
			shellScript = "\"${SRCROOT}/Pods/Target Support Files/Pods-CoreNavigationTests/Pods-CoreNavigationTests-frameworks.sh\"\n";
			showEnvVarsInLog = 0;
		};
		77FB511BC8D1CF396FDF262F /* [CP] Check Pods Manifest.lock */ = {
			isa = PBXShellScriptBuildPhase;
			buildActionMask = 2147483647;
			files = (
			);
			inputPaths = (
				"${PODS_PODFILE_DIR_PATH}/Podfile.lock",
				"${PODS_ROOT}/Manifest.lock",
			);
			name = "[CP] Check Pods Manifest.lock";
			outputPaths = (
				"$(DERIVED_FILE_DIR)/Pods-CoreNavigationTests-checkManifestLockResult.txt",
			);
			runOnlyForDeploymentPostprocessing = 0;
			shellPath = /bin/sh;
			shellScript = "diff \"${PODS_PODFILE_DIR_PATH}/Podfile.lock\" \"${PODS_ROOT}/Manifest.lock\" > /dev/null\nif [ $? != 0 ] ; then\n    # print error to STDERR\n    echo \"error: The sandbox is not in sync with the Podfile.lock. Run 'pod install' or update your CocoaPods installation.\" >&2\n    exit 1\nfi\n# This output is used by Xcode 'outputs' to avoid re-running this script phase.\necho \"SUCCESS\" > \"${SCRIPT_OUTPUT_FILE_0}\"\n";
			showEnvVarsInLog = 0;
		};
		A3B64DFF903D94197D0CD9FD /* [CP] Copy Pods Resources */ = {
			isa = PBXShellScriptBuildPhase;
			buildActionMask = 2147483647;
			files = (
			);
			inputPaths = (
			);
			name = "[CP] Copy Pods Resources";
			outputPaths = (
			);
			runOnlyForDeploymentPostprocessing = 0;
			shellPath = /bin/sh;
			shellScript = "\"${SRCROOT}/Pods/Target Support Files/Pods-CoreNavigation-CoreNavigationHostApp/Pods-CoreNavigation-CoreNavigationHostApp-resources.sh\"\n";
			showEnvVarsInLog = 0;
		};
		C648C0DCE1FA96C494C804D8 /* [CP] Copy Pods Resources */ = {
			isa = PBXShellScriptBuildPhase;
			buildActionMask = 2147483647;
			files = (
			);
			inputPaths = (
			);
			name = "[CP] Copy Pods Resources";
			outputPaths = (
			);
			runOnlyForDeploymentPostprocessing = 0;
			shellPath = /bin/sh;
			shellScript = "\"${SRCROOT}/Pods/Target Support Files/Pods-CoreNavigationTests/Pods-CoreNavigationTests-resources.sh\"\n";
			showEnvVarsInLog = 0;
		};
		DFB7C36C0E7DF3877D05625F /* [CP] Embed Pods Frameworks */ = {
			isa = PBXShellScriptBuildPhase;
			buildActionMask = 2147483647;
			files = (
			);
			inputPaths = (
			);
			name = "[CP] Embed Pods Frameworks";
			outputPaths = (
			);
			runOnlyForDeploymentPostprocessing = 0;
			shellPath = /bin/sh;
			shellScript = "\"${SRCROOT}/Pods/Target Support Files/Pods-CoreNavigation-CoreNavigationHostApp/Pods-CoreNavigation-CoreNavigationHostApp-frameworks.sh\"\n";
			showEnvVarsInLog = 0;
		};
/* End PBXShellScriptBuildPhase section */

/* Begin PBXSourcesBuildPhase section */
		384CF994204DC23500330EC7 /* Sources */ = {
			isa = PBXSourcesBuildPhase;
			buildActionMask = 2147483647;
			files = (
				38E24F76205D9BC30062AE85 /* ViewController.swift in Sources */,
				384CF99B204DC23500330EC7 /* AppDelegate.swift in Sources */,
			);
			runOnlyForDeploymentPostprocessing = 0;
		};
		38D5B378204A354A005A15BC /* Sources */ = {
			isa = PBXSourcesBuildPhase;
			buildActionMask = 2147483647;
			files = (
				388A2F192065AC66009BC5AC /* OriginAware.swift in Sources */,
				38F1D8A4205B2F83001F0B0B /* Lifetime.swift in Sources */,
				3881752520560F390054CFBB /* EmbeddingAware.swift in Sources */,
				381D744F2055989600F1C154 /* History.swift in Sources */,
				381D745220559A7300F1C154 /* History_Item.swift in Sources */,
				3881757D20573CCC0054CFBB /* Route.swift in Sources */,
				3881751F205602950054CFBB /* Embeddable.swift in Sources */,
				38F1D89D205B059E001F0B0B /* ObjectAssociation.swift in Sources */,
				3881752320560F2C0054CFBB /* EmbeddingProtocol.swift in Sources */,
				387B7898205DF68E0078974C /* Matchable.swift in Sources */,
				384CF98C204DBB8E00330EC7 /* Result.swift in Sources */,
				384CF9B0204DC38000330EC7 /* Navigator.swift in Sources */,
				38F1D8A8205B3026001F0B0B /* CachingAware.swift in Sources */,
				38444AA3205EFBFD001F3F5C /* StateRestorationContext.swift in Sources */,
				38444A9F205EFBA5001F3F5C /* StateRestoration.swift in Sources */,
				383320CF205DE9E1008492EE /* AnyRoute.swift in Sources */,
				38A7AFF3206330B600C36040 /* Matchable+Convenience.swift in Sources */,
				38817577205710530054CFBB /* DataPassingAware.swift in Sources */,
				386DAB7C2066C6AB002FF908 /* UINavigationController+Convenience.swift in Sources */,
				38D5B3A1204A36BD005A15BC /* To.swift in Sources */,
				38222B482066F11D00435008 /* DataReceivingViewController.swift in Sources */,
				3822436F2054BF8C00426342 /* Navigator_Present.swift in Sources */,
				381D7444205588F200F1C154 /* Transitionable.swift in Sources */,
				386DAB7E2066E033002FF908 /* String+Convenience.swift in Sources */,
				387B789A205DFF4E0078974C /* RegularExpression.swift in Sources */,
				38577C96205C876A00FB4B83 /* ProtectionAware.swift in Sources */,
				38F1D897205B04FB001F0B0B /* Swizzler.swift in Sources */,
				384CF9AE204DC35E00330EC7 /* UIViewController.swift in Sources */,
				38577CA0205CBB1300FB4B83 /* UnsafeNavigationAware.swift in Sources */,
				3881752120560F090054CFBB /* EmbeddingType.swift in Sources */,
				38F1D8AA205B31A8001F0B0B /* Cache.swift in Sources */,
				381D74562055A28A00F1C154 /* HistoryDirection.swift in Sources */,
				38D5B399204A3567005A15BC /* Global.swift in Sources */,
				3822436A2054B91A00426342 /* NavigationType.swift in Sources */,
				3895D2DD2064453F00A7ECD6 /* ApplicationAware.swift in Sources */,
				38577C9E205CB88C00FB4B83 /* UnsafeNavigation.swift in Sources */,
				38836B542064556D007963A0 /* Navigator+ViewControllerEvents.swift in Sources */,
				38836B58206455AB007963A0 /* Navigator+Cache.swift in Sources */,
				380411152055D1CF000C6A25 /* Navigator_NavigationOperation.swift in Sources */,
				38577C92205C863D00FB4B83 /* ProtectionSpace.swift in Sources */,
				3895D2E12064478000A7ECD6 /* UIApplicationProtocol.swift in Sources */,
				38836B5620645583007963A0 /* Navigator+StateRestoration.swift in Sources */,
				384CF988204DBB5400330EC7 /* Destination.swift in Sources */,
				381D744720558FF700F1C154 /* UINavigationController.swift in Sources */,
				38444A98205EF760001F3F5C /* StateRestorable.swift in Sources */,
				38F1D89B205B0574001F0B0B /* UIViewController+Events.swift in Sources */,
				38577C98205C88A900FB4B83 /* Configuration+DataReceivable.swift in Sources */,
				387B789C205E0CC60078974C /* RouteMatch.swift in Sources */,
				38444AA1205EFBE1001F3F5C /* StateRestorationDelegate.swift in Sources */,
				3881752720560FB80054CFBB /* TransitioningAware.swift in Sources */,
				38222B4A2066F47300435008 /* DataReceiving.swift in Sources */,
				38D5B39C204A35A0005A15BC /* Navigation.swift in Sources */,
				38F1D8A1205B0F32001F0B0B /* ViewControllerEvent.swift in Sources */,
				388C73172059C7A400C11EEB /* DataPassable.swift in Sources */,
				3895D2DF2064455B00A7ECD6 /* Application.swift in Sources */,
				388C731C2059E1A400C11EEB /* EventAware.swift in Sources */,
				384CF991204DBBE200330EC7 /* Resultable.swift in Sources */,
				38E24F74205D609C0062AE85 /* Router.swift in Sources */,
				38F1D89F205B05CF001F0B0B /* ViewControllerObserver.swift in Sources */,
				386DAB802066E04F002FF908 /* URL+Convenience.swift in Sources */,
				38577CA3205CBB4700FB4B83 /* ProtectionHandler.swift in Sources */,
				383320D1205DE9FE008492EE /* RoutePatternsAware.swift in Sources */,
				388A2F172065AC57009BC5AC /* Originable.swift in Sources */,
				38F1D899205B054E001F0B0B /* UIApplication.swift in Sources */,
				383320D3205DEA24008492EE /* RouteHandler.swift in Sources */,
				38444AB3205F570F001F3F5C /* UIViewController+Convenience.swift in Sources */,
				384CF98F204DBBD100330EC7 /* DestinationAware.swift in Sources */,
				38444A9C205EF894001F3F5C /* StateRestorationOption.swift in Sources */,
				381D745420559A9500F1C154 /* HistoryItem.swift in Sources */,
				386DAB812066E775002FF908 /* RouteParametersAware.swift in Sources */,
				384CF9B2204DC54400330EC7 /* Configuration.swift in Sources */,
				388C731A2059DED500C11EEB /* Eventable.swift in Sources */,
				3822436D2054BF6100426342 /* Navigator_Push.swift in Sources */,
				38F1D8A6205B2F9F001F0B0B /* Cacheable.swift in Sources */,
				38A7AFEF2063264B00C36040 /* Route+Convenience.swift in Sources */,
				38577C94205C872800FB4B83 /* Protectable.swift in Sources */,
				38444A9A205EF768001F3F5C /* StateRestorationAware.swift in Sources */,
			);
			runOnlyForDeploymentPostprocessing = 0;
		};
		38D5B382204A354A005A15BC /* Sources */ = {
			isa = PBXSourcesBuildPhase;
			buildActionMask = 2147483647;
			files = (
				38AC50AB206481FA00E93DFF /* ProtectionSpec.swift in Sources */,
				38836B5220645347007963A0 /* ViewControllerEventSpec.swift in Sources */,
				38836B5020644B50007963A0 /* PresentSpec.swift in Sources */,
				381D744B205591D900F1C154 /* Utils.swift in Sources */,
				38AC50AC2064847700E93DFF /* PushSpec.swift in Sources */,
				38836B5D206460B3007963A0 /* StateRestorationSpec.swift in Sources */,
				38AC50A520646B7A00E93DFF /* CachingSpec.swift in Sources */,
				38AC50A82064757100E93DFF /* RoutingSpec.swift in Sources */,
			);
			runOnlyForDeploymentPostprocessing = 0;
		};
/* End PBXSourcesBuildPhase section */

/* Begin PBXTargetDependency section */
		384CF9AB204DC23A00330EC7 /* PBXTargetDependency */ = {
			isa = PBXTargetDependency;
			target = 384CF997204DC23500330EC7 /* CoreNavigationHostApp */;
			targetProxy = 384CF9AA204DC23A00330EC7 /* PBXContainerItemProxy */;
		};
		38D5B389204A354A005A15BC /* PBXTargetDependency */ = {
			isa = PBXTargetDependency;
			target = 38D5B37C204A354A005A15BC /* CoreNavigation */;
			targetProxy = 38D5B388204A354A005A15BC /* PBXContainerItemProxy */;
		};
/* End PBXTargetDependency section */

/* Begin PBXVariantGroup section */
		384CF9A3204DC23500330EC7 /* LaunchScreen.storyboard */ = {
			isa = PBXVariantGroup;
			children = (
				384CF9A4204DC23500330EC7 /* Base */,
			);
			name = LaunchScreen.storyboard;
			sourceTree = "<group>";
		};
/* End PBXVariantGroup section */

/* Begin XCBuildConfiguration section */
		384CF9A8204DC23500330EC7 /* Debug */ = {
			isa = XCBuildConfiguration;
			baseConfigurationReference = AE1582FBAF707E300094EB0E /* Pods-CoreNavigation-CoreNavigationHostApp.debug.xcconfig */;
			buildSettings = {
				ASSETCATALOG_COMPILER_APPICON_NAME = AppIcon;
				CODE_SIGN_STYLE = Automatic;
				DEVELOPMENT_TEAM = UXRMYHQ33Y;
				INFOPLIST_FILE = CoreNavigationHostApp/Info.plist;
				LD_RUNPATH_SEARCH_PATHS = "$(inherited) @executable_path/Frameworks";
				PRODUCT_BUNDLE_IDENTIFIER = com.aronbalog.CoreNavigationHostApp;
				PRODUCT_NAME = "$(TARGET_NAME)";
				SWIFT_VERSION = 4.0;
				TARGETED_DEVICE_FAMILY = "1,2";
			};
			name = Debug;
		};
		384CF9A9204DC23500330EC7 /* Release */ = {
			isa = XCBuildConfiguration;
			baseConfigurationReference = 0DA6D89B78D6CF53665B7724 /* Pods-CoreNavigation-CoreNavigationHostApp.release.xcconfig */;
			buildSettings = {
				ASSETCATALOG_COMPILER_APPICON_NAME = AppIcon;
				CODE_SIGN_STYLE = Automatic;
				DEVELOPMENT_TEAM = UXRMYHQ33Y;
				INFOPLIST_FILE = CoreNavigationHostApp/Info.plist;
				LD_RUNPATH_SEARCH_PATHS = "$(inherited) @executable_path/Frameworks";
				PRODUCT_BUNDLE_IDENTIFIER = com.aronbalog.CoreNavigationHostApp;
				PRODUCT_NAME = "$(TARGET_NAME)";
				SWIFT_VERSION = 4.0;
				TARGETED_DEVICE_FAMILY = "1,2";
			};
			name = Release;
		};
		38D5B38F204A354B005A15BC /* Debug */ = {
			isa = XCBuildConfiguration;
			buildSettings = {
				ALWAYS_SEARCH_USER_PATHS = NO;
				CLANG_ANALYZER_NONNULL = YES;
				CLANG_ANALYZER_NUMBER_OBJECT_CONVERSION = YES_AGGRESSIVE;
				CLANG_CXX_LANGUAGE_STANDARD = "gnu++14";
				CLANG_CXX_LIBRARY = "libc++";
				CLANG_ENABLE_MODULES = YES;
				CLANG_ENABLE_OBJC_ARC = YES;
				CLANG_WARN_BLOCK_CAPTURE_AUTORELEASING = YES;
				CLANG_WARN_BOOL_CONVERSION = YES;
				CLANG_WARN_COMMA = YES;
				CLANG_WARN_CONSTANT_CONVERSION = YES;
				CLANG_WARN_DIRECT_OBJC_ISA_USAGE = YES_ERROR;
				CLANG_WARN_DOCUMENTATION_COMMENTS = YES;
				CLANG_WARN_EMPTY_BODY = YES;
				CLANG_WARN_ENUM_CONVERSION = YES;
				CLANG_WARN_INFINITE_RECURSION = YES;
				CLANG_WARN_INT_CONVERSION = YES;
				CLANG_WARN_NON_LITERAL_NULL_CONVERSION = YES;
				CLANG_WARN_OBJC_LITERAL_CONVERSION = YES;
				CLANG_WARN_OBJC_ROOT_CLASS = YES_ERROR;
				CLANG_WARN_RANGE_LOOP_ANALYSIS = YES;
				CLANG_WARN_STRICT_PROTOTYPES = YES;
				CLANG_WARN_SUSPICIOUS_MOVE = YES;
				CLANG_WARN_UNGUARDED_AVAILABILITY = YES_AGGRESSIVE;
				CLANG_WARN_UNREACHABLE_CODE = YES;
				CLANG_WARN__DUPLICATE_METHOD_MATCH = YES;
				CODE_SIGN_IDENTITY = "iPhone Developer";
				COPY_PHASE_STRIP = NO;
				CURRENT_PROJECT_VERSION = 1;
				DEBUG_INFORMATION_FORMAT = dwarf;
				ENABLE_STRICT_OBJC_MSGSEND = YES;
				ENABLE_TESTABILITY = YES;
				GCC_C_LANGUAGE_STANDARD = gnu11;
				GCC_DYNAMIC_NO_PIC = NO;
				GCC_NO_COMMON_BLOCKS = YES;
				GCC_OPTIMIZATION_LEVEL = 0;
				GCC_PREPROCESSOR_DEFINITIONS = (
					"DEBUG=1",
					"$(inherited)",
				);
				GCC_WARN_64_TO_32_BIT_CONVERSION = YES;
				GCC_WARN_ABOUT_RETURN_TYPE = YES_ERROR;
				GCC_WARN_UNDECLARED_SELECTOR = YES;
				GCC_WARN_UNINITIALIZED_AUTOS = YES_AGGRESSIVE;
				GCC_WARN_UNUSED_FUNCTION = YES;
				GCC_WARN_UNUSED_VARIABLE = YES;
				IPHONEOS_DEPLOYMENT_TARGET = 11.2;
				MTL_ENABLE_DEBUG_INFO = YES;
				ONLY_ACTIVE_ARCH = YES;
				SDKROOT = iphoneos;
				SWIFT_ACTIVE_COMPILATION_CONDITIONS = DEBUG;
				SWIFT_OPTIMIZATION_LEVEL = "-Onone";
				VERSIONING_SYSTEM = "apple-generic";
				VERSION_INFO_PREFIX = "";
			};
			name = Debug;
		};
		38D5B390204A354B005A15BC /* Release */ = {
			isa = XCBuildConfiguration;
			buildSettings = {
				ALWAYS_SEARCH_USER_PATHS = NO;
				CLANG_ANALYZER_NONNULL = YES;
				CLANG_ANALYZER_NUMBER_OBJECT_CONVERSION = YES_AGGRESSIVE;
				CLANG_CXX_LANGUAGE_STANDARD = "gnu++14";
				CLANG_CXX_LIBRARY = "libc++";
				CLANG_ENABLE_MODULES = YES;
				CLANG_ENABLE_OBJC_ARC = YES;
				CLANG_WARN_BLOCK_CAPTURE_AUTORELEASING = YES;
				CLANG_WARN_BOOL_CONVERSION = YES;
				CLANG_WARN_COMMA = YES;
				CLANG_WARN_CONSTANT_CONVERSION = YES;
				CLANG_WARN_DIRECT_OBJC_ISA_USAGE = YES_ERROR;
				CLANG_WARN_DOCUMENTATION_COMMENTS = YES;
				CLANG_WARN_EMPTY_BODY = YES;
				CLANG_WARN_ENUM_CONVERSION = YES;
				CLANG_WARN_INFINITE_RECURSION = YES;
				CLANG_WARN_INT_CONVERSION = YES;
				CLANG_WARN_NON_LITERAL_NULL_CONVERSION = YES;
				CLANG_WARN_OBJC_LITERAL_CONVERSION = YES;
				CLANG_WARN_OBJC_ROOT_CLASS = YES_ERROR;
				CLANG_WARN_RANGE_LOOP_ANALYSIS = YES;
				CLANG_WARN_STRICT_PROTOTYPES = YES;
				CLANG_WARN_SUSPICIOUS_MOVE = YES;
				CLANG_WARN_UNGUARDED_AVAILABILITY = YES_AGGRESSIVE;
				CLANG_WARN_UNREACHABLE_CODE = YES;
				CLANG_WARN__DUPLICATE_METHOD_MATCH = YES;
				CODE_SIGN_IDENTITY = "iPhone Developer";
				COPY_PHASE_STRIP = NO;
				CURRENT_PROJECT_VERSION = 1;
				DEBUG_INFORMATION_FORMAT = "dwarf-with-dsym";
				ENABLE_NS_ASSERTIONS = NO;
				ENABLE_STRICT_OBJC_MSGSEND = YES;
				GCC_C_LANGUAGE_STANDARD = gnu11;
				GCC_NO_COMMON_BLOCKS = YES;
				GCC_WARN_64_TO_32_BIT_CONVERSION = YES;
				GCC_WARN_ABOUT_RETURN_TYPE = YES_ERROR;
				GCC_WARN_UNDECLARED_SELECTOR = YES;
				GCC_WARN_UNINITIALIZED_AUTOS = YES_AGGRESSIVE;
				GCC_WARN_UNUSED_FUNCTION = YES;
				GCC_WARN_UNUSED_VARIABLE = YES;
				IPHONEOS_DEPLOYMENT_TARGET = 11.2;
				MTL_ENABLE_DEBUG_INFO = NO;
				SDKROOT = iphoneos;
				SWIFT_OPTIMIZATION_LEVEL = "-Owholemodule";
				VALIDATE_PRODUCT = YES;
				VERSIONING_SYSTEM = "apple-generic";
				VERSION_INFO_PREFIX = "";
			};
			name = Release;
		};
		38D5B392204A354B005A15BC /* Debug */ = {
			isa = XCBuildConfiguration;
			baseConfigurationReference = D30F96E319C141139E5DB879 /* Pods-CoreNavigation.debug.xcconfig */;
			buildSettings = {
				CLANG_ENABLE_MODULES = YES;
				CODE_SIGN_IDENTITY = "";
				CODE_SIGN_STYLE = Automatic;
				DEFINES_MODULE = YES;
				DEVELOPMENT_TEAM = UXRMYHQ33Y;
				DYLIB_COMPATIBILITY_VERSION = 1;
				DYLIB_CURRENT_VERSION = 1;
				DYLIB_INSTALL_NAME_BASE = "@rpath";
				INFOPLIST_FILE = CoreNavigation/Info.plist;
				INSTALL_PATH = "$(LOCAL_LIBRARY_DIR)/Frameworks";
				LD_RUNPATH_SEARCH_PATHS = "$(inherited) @executable_path/Frameworks @loader_path/Frameworks";
				PRODUCT_BUNDLE_IDENTIFIER = com.aronbalog.CoreNavigation;
				PRODUCT_NAME = "$(TARGET_NAME:c99extidentifier)";
				SKIP_INSTALL = YES;
				SWIFT_OPTIMIZATION_LEVEL = "-Onone";
				SWIFT_VERSION = 4.0;
				TARGETED_DEVICE_FAMILY = "1,2";
			};
			name = Debug;
		};
		38D5B393204A354B005A15BC /* Release */ = {
			isa = XCBuildConfiguration;
			baseConfigurationReference = C253820EB1472A576BE2F0DA /* Pods-CoreNavigation.release.xcconfig */;
			buildSettings = {
				CLANG_ENABLE_MODULES = YES;
				CODE_SIGN_IDENTITY = "";
				CODE_SIGN_STYLE = Automatic;
				DEFINES_MODULE = YES;
				DEVELOPMENT_TEAM = UXRMYHQ33Y;
				DYLIB_COMPATIBILITY_VERSION = 1;
				DYLIB_CURRENT_VERSION = 1;
				DYLIB_INSTALL_NAME_BASE = "@rpath";
				INFOPLIST_FILE = CoreNavigation/Info.plist;
				INSTALL_PATH = "$(LOCAL_LIBRARY_DIR)/Frameworks";
				LD_RUNPATH_SEARCH_PATHS = "$(inherited) @executable_path/Frameworks @loader_path/Frameworks";
				PRODUCT_BUNDLE_IDENTIFIER = com.aronbalog.CoreNavigation;
				PRODUCT_NAME = "$(TARGET_NAME:c99extidentifier)";
				SKIP_INSTALL = YES;
				SWIFT_VERSION = 4.0;
				TARGETED_DEVICE_FAMILY = "1,2";
			};
			name = Release;
		};
		38D5B395204A354B005A15BC /* Debug */ = {
			isa = XCBuildConfiguration;
			baseConfigurationReference = 4A7F275B61391C0769913096 /* Pods-CoreNavigationTests.debug.xcconfig */;
			buildSettings = {
				ALWAYS_EMBED_SWIFT_STANDARD_LIBRARIES = "$(inherited)";
				CODE_SIGN_STYLE = Automatic;
				DEVELOPMENT_TEAM = UXRMYHQ33Y;
				INFOPLIST_FILE = CoreNavigationTests/Info.plist;
				LD_RUNPATH_SEARCH_PATHS = "$(inherited) @executable_path/Frameworks @loader_path/Frameworks";
				PRODUCT_BUNDLE_IDENTIFIER = com.aronbalog.CoreNavigationTests;
				PRODUCT_NAME = "$(TARGET_NAME)";
				SWIFT_VERSION = 4.0;
				TARGETED_DEVICE_FAMILY = "1,2";
				TEST_HOST = "$(BUILT_PRODUCTS_DIR)/CoreNavigationHostApp.app/CoreNavigationHostApp";
			};
			name = Debug;
		};
		38D5B396204A354B005A15BC /* Release */ = {
			isa = XCBuildConfiguration;
			baseConfigurationReference = A8D350D600898E2C7BD49EBB /* Pods-CoreNavigationTests.release.xcconfig */;
			buildSettings = {
				ALWAYS_EMBED_SWIFT_STANDARD_LIBRARIES = "$(inherited)";
				CODE_SIGN_STYLE = Automatic;
				DEVELOPMENT_TEAM = UXRMYHQ33Y;
				INFOPLIST_FILE = CoreNavigationTests/Info.plist;
				LD_RUNPATH_SEARCH_PATHS = "$(inherited) @executable_path/Frameworks @loader_path/Frameworks";
				PRODUCT_BUNDLE_IDENTIFIER = com.aronbalog.CoreNavigationTests;
				PRODUCT_NAME = "$(TARGET_NAME)";
				SWIFT_VERSION = 4.0;
				TARGETED_DEVICE_FAMILY = "1,2";
				TEST_HOST = "$(BUILT_PRODUCTS_DIR)/CoreNavigationHostApp.app/CoreNavigationHostApp";
			};
			name = Release;
		};
/* End XCBuildConfiguration section */

/* Begin XCConfigurationList section */
		384CF9A7204DC23500330EC7 /* Build configuration list for PBXNativeTarget "CoreNavigationHostApp" */ = {
			isa = XCConfigurationList;
			buildConfigurations = (
				384CF9A8204DC23500330EC7 /* Debug */,
				384CF9A9204DC23500330EC7 /* Release */,
			);
			defaultConfigurationIsVisible = 0;
			defaultConfigurationName = Release;
		};
		38D5B377204A354A005A15BC /* Build configuration list for PBXProject "CoreNavigation" */ = {
			isa = XCConfigurationList;
			buildConfigurations = (
				38D5B38F204A354B005A15BC /* Debug */,
				38D5B390204A354B005A15BC /* Release */,
			);
			defaultConfigurationIsVisible = 0;
			defaultConfigurationName = Release;
		};
		38D5B391204A354B005A15BC /* Build configuration list for PBXNativeTarget "CoreNavigation" */ = {
			isa = XCConfigurationList;
			buildConfigurations = (
				38D5B392204A354B005A15BC /* Debug */,
				38D5B393204A354B005A15BC /* Release */,
			);
			defaultConfigurationIsVisible = 0;
			defaultConfigurationName = Release;
		};
		38D5B394204A354B005A15BC /* Build configuration list for PBXNativeTarget "CoreNavigationTests" */ = {
			isa = XCConfigurationList;
			buildConfigurations = (
				38D5B395204A354B005A15BC /* Debug */,
				38D5B396204A354B005A15BC /* Release */,
			);
			defaultConfigurationIsVisible = 0;
			defaultConfigurationName = Release;
		};
/* End XCConfigurationList section */
	};
	rootObject = 38D5B374204A354A005A15BC /* Project object */;
}
