// !$*UTF8*$!
{
	archiveVersion = 1;
	classes = {
	};
	objectVersion = 48;
	objects = {

/* Begin PBXBuildFile section */
		383709EF209BA9D3007D13E5 /* AppDelegate.swift in Sources */ = {isa = PBXBuildFile; fileRef = 383709EE209BA9D3007D13E5 /* AppDelegate.swift */; };
		383709F1209BA9D3007D13E5 /* ColorViewController.swift in Sources */ = {isa = PBXBuildFile; fileRef = 383709F0209BA9D3007D13E5 /* ColorViewController.swift */; };
		383709F6209BA9D3007D13E5 /* Assets.xcassets in Resources */ = {isa = PBXBuildFile; fileRef = 383709F5209BA9D3007D13E5 /* Assets.xcassets */; };
		383709F9209BA9D3007D13E5 /* LaunchScreen.storyboard in Resources */ = {isa = PBXBuildFile; fileRef = 383709F7209BA9D3007D13E5 /* LaunchScreen.storyboard */; };
		38370A0B209BB37F007D13E5 /* Color.swift in Sources */ = {isa = PBXBuildFile; fileRef = 38370A0A209BB37F007D13E5 /* Color.swift */; };
		C0A481F0F18150A934C0C293 /* Pods_PassingDataExample.framework in Frameworks */ = {isa = PBXBuildFile; fileRef = DFA73E9DB88C241C67CB6309 /* Pods_PassingDataExample.framework */; };
/* End PBXBuildFile section */

/* Begin PBXFileReference section */
		0E5F6CD80DA31835FD277EC8 /* Pods-PassingDataExample.debug.xcconfig */ = {isa = PBXFileReference; includeInIndex = 1; lastKnownFileType = text.xcconfig; name = "Pods-PassingDataExample.debug.xcconfig"; path = "Pods/Target Support Files/Pods-PassingDataExample/Pods-PassingDataExample.debug.xcconfig"; sourceTree = "<group>"; };
		383709EB209BA9D3007D13E5 /* PassingDataExample.app */ = {isa = PBXFileReference; explicitFileType = wrapper.application; includeInIndex = 0; path = PassingDataExample.app; sourceTree = BUILT_PRODUCTS_DIR; };
		383709EE209BA9D3007D13E5 /* AppDelegate.swift */ = {isa = PBXFileReference; lastKnownFileType = sourcecode.swift; path = AppDelegate.swift; sourceTree = "<group>"; };
		383709F0209BA9D3007D13E5 /* ColorViewController.swift */ = {isa = PBXFileReference; lastKnownFileType = sourcecode.swift; path = ColorViewController.swift; sourceTree = "<group>"; };
		383709F5209BA9D3007D13E5 /* Assets.xcassets */ = {isa = PBXFileReference; lastKnownFileType = folder.assetcatalog; path = Assets.xcassets; sourceTree = "<group>"; };
		383709F8209BA9D3007D13E5 /* Base */ = {isa = PBXFileReference; lastKnownFileType = file.storyboard; name = Base; path = Base.lproj/LaunchScreen.storyboard; sourceTree = "<group>"; };
		383709FA209BA9D3007D13E5 /* Info.plist */ = {isa = PBXFileReference; lastKnownFileType = text.plist.xml; path = Info.plist; sourceTree = "<group>"; };
		38370A0A209BB37F007D13E5 /* Color.swift */ = {isa = PBXFileReference; lastKnownFileType = sourcecode.swift; path = Color.swift; sourceTree = "<group>"; };
		8AD700FC2EF39D08DFFA875C /* Pods-PassingDataExample.release.xcconfig */ = {isa = PBXFileReference; includeInIndex = 1; lastKnownFileType = text.xcconfig; name = "Pods-PassingDataExample.release.xcconfig"; path = "Pods/Target Support Files/Pods-PassingDataExample/Pods-PassingDataExample.release.xcconfig"; sourceTree = "<group>"; };
		DFA73E9DB88C241C67CB6309 /* Pods_PassingDataExample.framework */ = {isa = PBXFileReference; explicitFileType = wrapper.framework; includeInIndex = 0; path = Pods_PassingDataExample.framework; sourceTree = BUILT_PRODUCTS_DIR; };
/* End PBXFileReference section */

/* Begin PBXFrameworksBuildPhase section */
		383709E8209BA9D3007D13E5 /* Frameworks */ = {
			isa = PBXFrameworksBuildPhase;
			buildActionMask = 2147483647;
			files = (
				C0A481F0F18150A934C0C293 /* Pods_PassingDataExample.framework in Frameworks */,
			);
			runOnlyForDeploymentPostprocessing = 0;
		};
/* End PBXFrameworksBuildPhase section */

/* Begin PBXGroup section */
		383709E2209BA9D3007D13E5 = {
			isa = PBXGroup;
			children = (
				383709ED209BA9D3007D13E5 /* PassingDataExample */,
				383709EC209BA9D3007D13E5 /* Products */,
				F3307ED8DABEE077A85B16A2 /* Pods */,
				CC3D86FF465B9EAC4D2687D9 /* Frameworks */,
			);
			sourceTree = "<group>";
		};
		383709EC209BA9D3007D13E5 /* Products */ = {
			isa = PBXGroup;
			children = (
				383709EB209BA9D3007D13E5 /* PassingDataExample.app */,
			);
			name = Products;
			sourceTree = "<group>";
		};
		383709ED209BA9D3007D13E5 /* PassingDataExample */ = {
			isa = PBXGroup;
			children = (
				38370A03209BAA8C007D13E5 /* ViewController */,
				38370A00209BAA58007D13E5 /* Destination */,
				383709EE209BA9D3007D13E5 /* AppDelegate.swift */,
				383709F5209BA9D3007D13E5 /* Assets.xcassets */,
				383709F7209BA9D3007D13E5 /* LaunchScreen.storyboard */,
				383709FA209BA9D3007D13E5 /* Info.plist */,
			);
			path = PassingDataExample;
			sourceTree = "<group>";
		};
		38370A00209BAA58007D13E5 /* Destination */ = {
			isa = PBXGroup;
			children = (
				38370A0A209BB37F007D13E5 /* Color.swift */,
			);
			path = Destination;
			sourceTree = "<group>";
		};
		38370A03209BAA8C007D13E5 /* ViewController */ = {
			isa = PBXGroup;
			children = (
				383709F0209BA9D3007D13E5 /* ColorViewController.swift */,
			);
			path = ViewController;
			sourceTree = "<group>";
		};
		CC3D86FF465B9EAC4D2687D9 /* Frameworks */ = {
			isa = PBXGroup;
			children = (
				DFA73E9DB88C241C67CB6309 /* Pods_PassingDataExample.framework */,
			);
			name = Frameworks;
			sourceTree = "<group>";
		};
		F3307ED8DABEE077A85B16A2 /* Pods */ = {
			isa = PBXGroup;
			children = (
				0E5F6CD80DA31835FD277EC8 /* Pods-PassingDataExample.debug.xcconfig */,
				8AD700FC2EF39D08DFFA875C /* Pods-PassingDataExample.release.xcconfig */,
			);
			name = Pods;
			sourceTree = "<group>";
		};
/* End PBXGroup section */

/* Begin PBXNativeTarget section */
		383709EA209BA9D3007D13E5 /* PassingDataExample */ = {
			isa = PBXNativeTarget;
			buildConfigurationList = 383709FD209BA9D3007D13E5 /* Build configuration list for PBXNativeTarget "PassingDataExample" */;
			buildPhases = (
				584BCAC0F2EFBFD4C166195A /* [CP] Check Pods Manifest.lock */,
				383709E7209BA9D3007D13E5 /* Sources */,
				383709E8209BA9D3007D13E5 /* Frameworks */,
				383709E9209BA9D3007D13E5 /* Resources */,
				A91EA3F8CE595E2C9A5AE19C /* [CP] Embed Pods Frameworks */,
			);
			buildRules = (
			);
			dependencies = (
			);
			name = PassingDataExample;
			productName = PassingDataExample;
			productReference = 383709EB209BA9D3007D13E5 /* PassingDataExample.app */;
			productType = "com.apple.product-type.application";
		};
/* End PBXNativeTarget section */

/* Begin PBXProject section */
		383709E3209BA9D3007D13E5 /* Project object */ = {
			isa = PBXProject;
			attributes = {
				LastSwiftUpdateCheck = 0920;
				LastUpgradeCheck = 0920;
				ORGANIZATIONNAME = "Aron Balog";
				TargetAttributes = {
					383709EA209BA9D3007D13E5 = {
						CreatedOnToolsVersion = 9.2;
						ProvisioningStyle = Automatic;
					};
				};
			};
			buildConfigurationList = 383709E6209BA9D3007D13E5 /* Build configuration list for PBXProject "PassingDataExample" */;
			compatibilityVersion = "Xcode 8.0";
			developmentRegion = en;
			hasScannedForEncodings = 0;
			knownRegions = (
				en,
				Base,
			);
			mainGroup = 383709E2209BA9D3007D13E5;
			productRefGroup = 383709EC209BA9D3007D13E5 /* Products */;
			projectDirPath = "";
			projectRoot = "";
			targets = (
				383709EA209BA9D3007D13E5 /* PassingDataExample */,
			);
		};
/* End PBXProject section */

/* Begin PBXResourcesBuildPhase section */
		383709E9209BA9D3007D13E5 /* Resources */ = {
			isa = PBXResourcesBuildPhase;
			buildActionMask = 2147483647;
			files = (
				383709F9209BA9D3007D13E5 /* LaunchScreen.storyboard in Resources */,
				383709F6209BA9D3007D13E5 /* Assets.xcassets in Resources */,
			);
			runOnlyForDeploymentPostprocessing = 0;
		};
/* End PBXResourcesBuildPhase section */

/* Begin PBXShellScriptBuildPhase section */
		584BCAC0F2EFBFD4C166195A /* [CP] Check Pods Manifest.lock */ = {
			isa = PBXShellScriptBuildPhase;
			buildActionMask = 2147483647;
			files = (
			);
			inputPaths = (
				"${PODS_PODFILE_DIR_PATH}/Podfile.lock",
				"${PODS_ROOT}/Manifest.lock",
			);
			name = "[CP] Check Pods Manifest.lock";
			outputPaths = (
				"$(DERIVED_FILE_DIR)/Pods-PassingDataExample-checkManifestLockResult.txt",
			);
			runOnlyForDeploymentPostprocessing = 0;
			shellPath = /bin/sh;
			shellScript = "diff \"${PODS_PODFILE_DIR_PATH}/Podfile.lock\" \"${PODS_ROOT}/Manifest.lock\" > /dev/null\nif [ $? != 0 ] ; then\n    # print error to STDERR\n    echo \"error: The sandbox is not in sync with the Podfile.lock. Run 'pod install' or update your CocoaPods installation.\" >&2\n    exit 1\nfi\n# This output is used by Xcode 'outputs' to avoid re-running this script phase.\necho \"SUCCESS\" > \"${SCRIPT_OUTPUT_FILE_0}\"\n";
			showEnvVarsInLog = 0;
		};
		A91EA3F8CE595E2C9A5AE19C /* [CP] Embed Pods Frameworks */ = {
			isa = PBXShellScriptBuildPhase;
			buildActionMask = 2147483647;
			files = (
			);
			inputPaths = (
				"${SRCROOT}/Pods/Target Support Files/Pods-PassingDataExample/Pods-PassingDataExample-frameworks.sh",
				"${BUILT_PRODUCTS_DIR}/ChromaColorPicker/ChromaColorPicker.framework",
				"${BUILT_PRODUCTS_DIR}/CoreNavigation/CoreNavigation.framework",
			);
			name = "[CP] Embed Pods Frameworks";
			outputPaths = (
				"${TARGET_BUILD_DIR}/${FRAMEWORKS_FOLDER_PATH}/ChromaColorPicker.framework",
				"${TARGET_BUILD_DIR}/${FRAMEWORKS_FOLDER_PATH}/CoreNavigation.framework",
			);
			runOnlyForDeploymentPostprocessing = 0;
			shellPath = /bin/sh;
			shellScript = "\"${SRCROOT}/Pods/Target Support Files/Pods-PassingDataExample/Pods-PassingDataExample-frameworks.sh\"\n";
			showEnvVarsInLog = 0;
		};
/* End PBXShellScriptBuildPhase section */

/* Begin PBXSourcesBuildPhase section */
		383709E7209BA9D3007D13E5 /* Sources */ = {
			isa = PBXSourcesBuildPhase;
			buildActionMask = 2147483647;
			files = (
				383709F1209BA9D3007D13E5 /* ColorViewController.swift in Sources */,
				383709EF209BA9D3007D13E5 /* AppDelegate.swift in Sources */,
				38370A0B209BB37F007D13E5 /* Color.swift in Sources */,
			);
			runOnlyForDeploymentPostprocessing = 0;
		};
/* End PBXSourcesBuildPhase section */

/* Begin PBXVariantGroup section */
		383709F7209BA9D3007D13E5 /* LaunchScreen.storyboard */ = {
			isa = PBXVariantGroup;
			children = (
				383709F8209BA9D3007D13E5 /* Base */,
			);
			name = LaunchScreen.storyboard;
			sourceTree = "<group>";
		};
/* End PBXVariantGroup section */

/* Begin XCBuildConfiguration section */
		383709FB209BA9D3007D13E5 /* Debug */ = {
			isa = XCBuildConfiguration;
			buildSettings = {
				ALWAYS_SEARCH_USER_PATHS = NO;
				CLANG_ANALYZER_NONNULL = YES;
				CLANG_ANALYZER_NUMBER_OBJECT_CONVERSION = YES_AGGRESSIVE;
				CLANG_CXX_LANGUAGE_STANDARD = "gnu++14";
				CLANG_CXX_LIBRARY = "libc++";
				CLANG_ENABLE_MODULES = YES;
				CLANG_ENABLE_OBJC_ARC = YES;
				CLANG_WARN_BLOCK_CAPTURE_AUTORELEASING = YES;
				CLANG_WARN_BOOL_CONVERSION = YES;
				CLANG_WARN_COMMA = YES;
				CLANG_WARN_CONSTANT_CONVERSION = YES;
				CLANG_WARN_DIRECT_OBJC_ISA_USAGE = YES_ERROR;
				CLANG_WARN_DOCUMENTATION_COMMENTS = YES;
				CLANG_WARN_EMPTY_BODY = YES;
				CLANG_WARN_ENUM_CONVERSION = YES;
				CLANG_WARN_INFINITE_RECURSION = YES;
				CLANG_WARN_INT_CONVERSION = YES;
				CLANG_WARN_NON_LITERAL_NULL_CONVERSION = YES;
				CLANG_WARN_OBJC_LITERAL_CONVERSION = YES;
				CLANG_WARN_OBJC_ROOT_CLASS = YES_ERROR;
				CLANG_WARN_RANGE_LOOP_ANALYSIS = YES;
				CLANG_WARN_STRICT_PROTOTYPES = YES;
				CLANG_WARN_SUSPICIOUS_MOVE = YES;
				CLANG_WARN_UNGUARDED_AVAILABILITY = YES_AGGRESSIVE;
				CLANG_WARN_UNREACHABLE_CODE = YES;
				CLANG_WARN__DUPLICATE_METHOD_MATCH = YES;
				CODE_SIGN_IDENTITY = "iPhone Developer";
				COPY_PHASE_STRIP = NO;
				DEBUG_INFORMATION_FORMAT = dwarf;
				ENABLE_STRICT_OBJC_MSGSEND = YES;
				ENABLE_TESTABILITY = YES;
				GCC_C_LANGUAGE_STANDARD = gnu11;
				GCC_DYNAMIC_NO_PIC = NO;
				GCC_NO_COMMON_BLOCKS = YES;
				GCC_OPTIMIZATION_LEVEL = 0;
				GCC_PREPROCESSOR_DEFINITIONS = (
					"DEBUG=1",
					"$(inherited)",
				);
				GCC_WARN_64_TO_32_BIT_CONVERSION = YES;
				GCC_WARN_ABOUT_RETURN_TYPE = YES_ERROR;
				GCC_WARN_UNDECLARED_SELECTOR = YES;
				GCC_WARN_UNINITIALIZED_AUTOS = YES_AGGRESSIVE;
				GCC_WARN_UNUSED_FUNCTION = YES;
				GCC_WARN_UNUSED_VARIABLE = YES;
				IPHONEOS_DEPLOYMENT_TARGET = 11.2;
				MTL_ENABLE_DEBUG_INFO = YES;
				ONLY_ACTIVE_ARCH = YES;
				SDKROOT = iphoneos;
				SWIFT_ACTIVE_COMPILATION_CONDITIONS = DEBUG;
				SWIFT_OPTIMIZATION_LEVEL = "-Onone";
			};
			name = Debug;
		};
		383709FC209BA9D3007D13E5 /* Release */ = {
			isa = XCBuildConfiguration;
			buildSettings = {
				ALWAYS_SEARCH_USER_PATHS = NO;
				CLANG_ANALYZER_NONNULL = YES;
				CLANG_ANALYZER_NUMBER_OBJECT_CONVERSION = YES_AGGRESSIVE;
				CLANG_CXX_LANGUAGE_STANDARD = "gnu++14";
				CLANG_CXX_LIBRARY = "libc++";
				CLANG_ENABLE_MODULES = YES;
				CLANG_ENABLE_OBJC_ARC = YES;
				CLANG_WARN_BLOCK_CAPTURE_AUTORELEASING = YES;
				CLANG_WARN_BOOL_CONVERSION = YES;
				CLANG_WARN_COMMA = YES;
				CLANG_WARN_CONSTANT_CONVERSION = YES;
				CLANG_WARN_DIRECT_OBJC_ISA_USAGE = YES_ERROR;
				CLANG_WARN_DOCUMENTATION_COMMENTS = YES;
				CLANG_WARN_EMPTY_BODY = YES;
				CLANG_WARN_ENUM_CONVERSION = YES;
				CLANG_WARN_INFINITE_RECURSION = YES;
				CLANG_WARN_INT_CONVERSION = YES;
				CLANG_WARN_NON_LITERAL_NULL_CONVERSION = YES;
				CLANG_WARN_OBJC_LITERAL_CONVERSION = YES;
				CLANG_WARN_OBJC_ROOT_CLASS = YES_ERROR;
				CLANG_WARN_RANGE_LOOP_ANALYSIS = YES;
				CLANG_WARN_STRICT_PROTOTYPES = YES;
				CLANG_WARN_SUSPICIOUS_MOVE = YES;
				CLANG_WARN_UNGUARDED_AVAILABILITY = YES_AGGRESSIVE;
				CLANG_WARN_UNREACHABLE_CODE = YES;
				CLANG_WARN__DUPLICATE_METHOD_MATCH = YES;
				CODE_SIGN_IDENTITY = "iPhone Developer";
				COPY_PHASE_STRIP = NO;
				DEBUG_INFORMATION_FORMAT = "dwarf-with-dsym";
				ENABLE_NS_ASSERTIONS = NO;
				ENABLE_STRICT_OBJC_MSGSEND = YES;
				GCC_C_LANGUAGE_STANDARD = gnu11;
				GCC_NO_COMMON_BLOCKS = YES;
				GCC_WARN_64_TO_32_BIT_CONVERSION = YES;
				GCC_WARN_ABOUT_RETURN_TYPE = YES_ERROR;
				GCC_WARN_UNDECLARED_SELECTOR = YES;
				GCC_WARN_UNINITIALIZED_AUTOS = YES_AGGRESSIVE;
				GCC_WARN_UNUSED_FUNCTION = YES;
				GCC_WARN_UNUSED_VARIABLE = YES;
				IPHONEOS_DEPLOYMENT_TARGET = 11.2;
				MTL_ENABLE_DEBUG_INFO = NO;
				SDKROOT = iphoneos;
				SWIFT_OPTIMIZATION_LEVEL = "-Owholemodule";
				VALIDATE_PRODUCT = YES;
			};
			name = Release;
		};
		383709FE209BA9D3007D13E5 /* Debug */ = {
			isa = XCBuildConfiguration;
			baseConfigurationReference = 0E5F6CD80DA31835FD277EC8 /* Pods-PassingDataExample.debug.xcconfig */;
			buildSettings = {
				ASSETCATALOG_COMPILER_APPICON_NAME = AppIcon;
				CODE_SIGN_STYLE = Automatic;
				INFOPLIST_FILE = PassingDataExample/Info.plist;
				LD_RUNPATH_SEARCH_PATHS = "$(inherited) @executable_path/Frameworks";
				PRODUCT_BUNDLE_IDENTIFIER = org.corenavigation.PassingDataExample;
				PRODUCT_NAME = "$(TARGET_NAME)";
				SWIFT_VERSION = 4.0;
				TARGETED_DEVICE_FAMILY = "1,2";
			};
			name = Debug;
		};
		383709FF209BA9D3007D13E5 /* Release */ = {
			isa = XCBuildConfiguration;
			baseConfigurationReference = 8AD700FC2EF39D08DFFA875C /* Pods-PassingDataExample.release.xcconfig */;
			buildSettings = {
				ASSETCATALOG_COMPILER_APPICON_NAME = AppIcon;
				CODE_SIGN_STYLE = Automatic;
				INFOPLIST_FILE = PassingDataExample/Info.plist;
				LD_RUNPATH_SEARCH_PATHS = "$(inherited) @executable_path/Frameworks";
				PRODUCT_BUNDLE_IDENTIFIER = org.corenavigation.PassingDataExample;
				PRODUCT_NAME = "$(TARGET_NAME)";
				SWIFT_VERSION = 4.0;
				TARGETED_DEVICE_FAMILY = "1,2";
			};
			name = Release;
		};
/* End XCBuildConfiguration section */

/* Begin XCConfigurationList section */
		383709E6209BA9D3007D13E5 /* Build configuration list for PBXProject "PassingDataExample" */ = {
			isa = XCConfigurationList;
			buildConfigurations = (
				383709FB209BA9D3007D13E5 /* Debug */,
				383709FC209BA9D3007D13E5 /* Release */,
			);
			defaultConfigurationIsVisible = 0;
			defaultConfigurationName = Release;
		};
		383709FD209BA9D3007D13E5 /* Build configuration list for PBXNativeTarget "PassingDataExample" */ = {
			isa = XCConfigurationList;
			buildConfigurations = (
				383709FE209BA9D3007D13E5 /* Debug */,
				383709FF209BA9D3007D13E5 /* Release */,
			);
			defaultConfigurationIsVisible = 0;
			defaultConfigurationName = Release;
		};
/* End XCConfigurationList section */
	};
	rootObject = 383709E3209BA9D3007D13E5 /* Project object */;
}
